// !$*UTF8*$!
{
	archiveVersion = 1;
	classes = {
	};
	objectVersion = 77;
	objects = {

/* Begin PBXAggregateTarget section */
		6ADDE535D95EF69224012787 /* FetchVST3SDK */ = {
			isa = PBXAggregateTarget;
			buildConfigurationList = CC346D3B31B0F05C3655356E /* Build configuration list for PBXAggregateTarget "FetchVST3SDK" */;
			buildPhases = (
				972CAC67DAE79C3C9EC82E23 /* Fetch VST3 SDK */,
			);
			dependencies = (
			);
			name = FetchVST3SDK;
		};
/* End PBXAggregateTarget section */

/* Begin PBXBuildFile section */
		07614B5F43956BFE0A039382 /* Sparkle.framework in Embed Sparkle */ = {isa = PBXBuildFile; fileRef = C1C32C0664CEF6445D023854 /* Sparkle.framework */; settings = {ATTRIBUTES = (CodeSignOnCopy, RemoveHeadersOnCopy, ); }; };
		08E8AC46C6C4E55CCDE3B660 /* Accelerate.framework in Frameworks */ = {isa = PBXBuildFile; fileRef = 7B7E34C9160DA33F5434B478 /* Accelerate.framework */; };
		0CAE3F45B0FEAB2BFA31F483 /* hydra-plugin-host.app in Embed Plugin Host */ = {isa = PBXBuildFile; fileRef = A43971C4C70C3305ABFE4665 /* hydra-plugin-host.app */; settings = {ATTRIBUTES = (CodeSignOnCopy, ); }; };
		0D297381A77B6F419E7A7AF8 /* HydraVST.framework in Frameworks */ = {isa = PBXBuildFile; fileRef = 4446585A7AF96B6C96C18989 /* HydraVST.framework */; };
		0E430ABDF0E5F2A4113421C8 /* HydraVirtualSoundcard.bundle in Embed Soundcard Driver */ = {isa = PBXBuildFile; fileRef = 186C6C7517081DF87B68CA37 /* HydraVirtualSoundcard.bundle */; settings = {ATTRIBUTES = (CodeSignOnCopy, ); }; };
		168D49B28700FEA9808CBD64 /* Cocoa.framework in Frameworks */ = {isa = PBXBuildFile; fileRef = 4FA6D3DE28E199E915B6F9A8 /* Cocoa.framework */; };
		174E5012113D09A17203C7C1 /* HydraCore.framework in Frameworks */ = {isa = PBXBuildFile; fileRef = E529002E3CFE3C33826B1299 /* HydraCore.framework */; };
		196CB553D79E65EA09D675D1 /* Cocoa.framework in Frameworks */ = {isa = PBXBuildFile; fileRef = 4FA6D3DE28E199E915B6F9A8 /* Cocoa.framework */; };
		34BE2652B3E23B19BCA804AA /* HydraPluginHostABI.framework in Frameworks */ = {isa = PBXBuildFile; fileRef = FB09E9D558B275FD102B2976 /* HydraPluginHostABI.framework */; };
		38B3352BE1AB8F67B02F472B /* audio.hydra.daemon.plist in Embed LaunchAgent */ = {isa = PBXBuildFile; fileRef = D53BBD73958FDA51F2226256 /* audio.hydra.daemon.plist */; };
		545FF197E50062D585564970 /* Cocoa.framework in Frameworks */ = {isa = PBXBuildFile; fileRef = 4FA6D3DE28E199E915B6F9A8 /* Cocoa.framework */; };
		600008DE8694635ACF810ABD /* HydraPluginHostABI.framework in Frameworks */ = {isa = PBXBuildFile; fileRef = FB09E9D558B275FD102B2976 /* HydraPluginHostABI.framework */; };
		6F495E30675723D7DE1F2040 /* HydraVST.framework in Frameworks */ = {isa = PBXBuildFile; fileRef = 4446585A7AF96B6C96C18989 /* HydraVST.framework */; };
		7320044A1591AA211A3B35C2 /* HydraNDIShim.framework in Embed Frameworks */ = {isa = PBXBuildFile; fileRef = A9E620DBB95C62F85C7BD1D0 /* HydraNDIShim.framework */; settings = {ATTRIBUTES = (CodeSignOnCopy, RemoveHeadersOnCopy, ); }; };
		7A1C97BBE39A8BF5398D40F1 /* Cocoa.framework in Frameworks */ = {isa = PBXBuildFile; fileRef = 4FA6D3DE28E199E915B6F9A8 /* Cocoa.framework */; };
		8596ACE9F3A3E8737C7711E4 /* CoreFoundation.framework in Frameworks */ = {isa = PBXBuildFile; fileRef = 0A86BC555590407035D6A2A5 /* CoreFoundation.framework */; };
		8618C2AE50A3229B35DC5F21 /* Sparkle.framework in Frameworks */ = {isa = PBXBuildFile; fileRef = C1C32C0664CEF6445D023854 /* Sparkle.framework */; };
		86388141184072B028DDE57F /* HydraCore.framework in Embed Frameworks */ = {isa = PBXBuildFile; fileRef = E529002E3CFE3C33826B1299 /* HydraCore.framework */; settings = {ATTRIBUTES = (CodeSignOnCopy, RemoveHeadersOnCopy, ); }; };
		8BD3934FAB258187D63856FF /* Cocoa.framework in Frameworks */ = {isa = PBXBuildFile; fileRef = 4FA6D3DE28E199E915B6F9A8 /* Cocoa.framework */; };
		9A056A15449DCBDCDC8CA26B /* Cocoa.framework in Frameworks */ = {isa = PBXBuildFile; fileRef = 4FA6D3DE28E199E915B6F9A8 /* Cocoa.framework */; };
		9A898F48CC9C4E882AD3A392 /* HydraPluginHostABI.framework in Embed Frameworks */ = {isa = PBXBuildFile; fileRef = FB09E9D558B275FD102B2976 /* HydraPluginHostABI.framework */; settings = {ATTRIBUTES = (CodeSignOnCopy, RemoveHeadersOnCopy, ); }; };
		9C1D03D3CD0C11AEABEAE610 /* HydraCore.framework in Frameworks */ = {isa = PBXBuildFile; fileRef = E529002E3CFE3C33826B1299 /* HydraCore.framework */; };
		9E057F544A100E3F1E7BEF6E /* HydraModuleABI.framework in Embed Frameworks */ = {isa = PBXBuildFile; fileRef = 67368557FA6965D8EDB340CC /* HydraModuleABI.framework */; settings = {ATTRIBUTES = (CodeSignOnCopy, RemoveHeadersOnCopy, ); }; };
		9FEE59FA6C0A848EAA822800 /* Cocoa.framework in Frameworks */ = {isa = PBXBuildFile; fileRef = 4FA6D3DE28E199E915B6F9A8 /* Cocoa.framework */; };
		B1C5B7B9773F0D8D61FD52BC /* HydraVST.framework in Embed Frameworks */ = {isa = PBXBuildFile; fileRef = 4446585A7AF96B6C96C18989 /* HydraVST.framework */; settings = {ATTRIBUTES = (CodeSignOnCopy, RemoveHeadersOnCopy, ); }; };
		B61BFE8D695BD56B7EA97D80 /* Cocoa.framework in Frameworks */ = {isa = PBXBuildFile; fileRef = 4FA6D3DE28E199E915B6F9A8 /* Cocoa.framework */; };
		B994BF7545349B266CBCA4A9 /* Cocoa.framework in Frameworks */ = {isa = PBXBuildFile; fileRef = 4FA6D3DE28E199E915B6F9A8 /* Cocoa.framework */; };
		BA02DEF71C692CD898F65DD5 /* Media.xcassets in Resources */ = {isa = PBXBuildFile; fileRef = BFAF276323879D27F338599D /* Media.xcassets */; };
		BB939B949D34D368C432751B /* HydraCore.framework in Embed Frameworks */ = {isa = PBXBuildFile; fileRef = E529002E3CFE3C33826B1299 /* HydraCore.framework */; settings = {ATTRIBUTES = (CodeSignOnCopy, RemoveHeadersOnCopy, ); }; };
		BF8A60BCD98CDB0F8554C7D2 /* Cocoa.framework in Frameworks */ = {isa = PBXBuildFile; fileRef = 4FA6D3DE28E199E915B6F9A8 /* Cocoa.framework */; };
		C0A7A52E22703E088BCFDE41 /* HydraPluginHostABI.framework in Embed Frameworks */ = {isa = PBXBuildFile; fileRef = FB09E9D558B275FD102B2976 /* HydraPluginHostABI.framework */; settings = {ATTRIBUTES = (CodeSignOnCopy, RemoveHeadersOnCopy, ); }; };
		C6525A2C241C30E58BD0E707 /* HydraNDIShim.framework in Frameworks */ = {isa = PBXBuildFile; fileRef = A9E620DBB95C62F85C7BD1D0 /* HydraNDIShim.framework */; };
		C9721D0F901C26756AA5CFA7 /* HydraModuleABI.framework in Frameworks */ = {isa = PBXBuildFile; fileRef = 67368557FA6965D8EDB340CC /* HydraModuleABI.framework */; };
		E40A55A7A1B715A9EB09718A /* HydraVST.framework in Embed Frameworks */ = {isa = PBXBuildFile; fileRef = 4446585A7AF96B6C96C18989 /* HydraVST.framework */; settings = {ATTRIBUTES = (CodeSignOnCopy, RemoveHeadersOnCopy, ); }; };
		E8F76430623E5F3496B44462 /* CoreFoundation.framework in Frameworks */ = {isa = PBXBuildFile; fileRef = 0A86BC555590407035D6A2A5 /* CoreFoundation.framework */; };
		F4910CFA990AA5447B2F19F2 /* CoreAudio.framework in Frameworks */ = {isa = PBXBuildFile; fileRef = FD6E99404C0852788E5CB3C6 /* CoreAudio.framework */; };
		F7BA7B3B65E56DC623D223DA /* Foundation.framework in Frameworks */ = {isa = PBXBuildFile; fileRef = 3D25BF517DE448595291E0BE /* Foundation.framework */; };
		F8F9C2989ADAB8B00990C186 /* hydrad.app in Embed Daemon Helper */ = {isa = PBXBuildFile; fileRef = 96C73EC8519FF43B47E7F7F4 /* hydrad.app */; settings = {ATTRIBUTES = (CodeSignOnCopy, ); }; };
		FAE15705ECD562D038DC99B2 /* HydraCore.framework in Frameworks */ = {isa = PBXBuildFile; fileRef = E529002E3CFE3C33826B1299 /* HydraCore.framework */; };
/* End PBXBuildFile section */

/* Begin PBXContainerItemProxy section */
		061E321B4AA9F2216687B7D4 /* PBXContainerItemProxy */ = {
			isa = PBXContainerItemProxy;
			containerPortal = 50C00E8EE84CF6F46EABD453 /* Project object */;
			proxyType = 1;
			remoteGlobalIDString = A9C9963F85E32541D850FA62;
			remoteInfo = hydrad;
		};
		067EE94090FB34F2B64F29ED /* PBXContainerItemProxy */ = {
			isa = PBXContainerItemProxy;
			containerPortal = 50C00E8EE84CF6F46EABD453 /* Project object */;
			proxyType = 1;
			remoteGlobalIDString = 2F086C6F46CD0F470F84189A;
			remoteInfo = HydraVirtualSoundcard;
		};
		0CEBBA56F7B1061C291A192B /* PBXContainerItemProxy */ = {
			isa = PBXContainerItemProxy;
			containerPortal = 50C00E8EE84CF6F46EABD453 /* Project object */;
			proxyType = 1;
			remoteGlobalIDString = EDF04975BE6E21FDCA7B1AD1;
			remoteInfo = "hydra-plugin-host";
		};
		190937C81034D00EE329541B /* PBXContainerItemProxy */ = {
			isa = PBXContainerItemProxy;
			containerPortal = 50C00E8EE84CF6F46EABD453 /* Project object */;
			proxyType = 1;
			remoteGlobalIDString = 4717AA32923BF2E1389D22E3;
			remoteInfo = HydraModuleABI;
		};
		1FC9E338DD02454958FD5339 /* PBXContainerItemProxy */ = {
			isa = PBXContainerItemProxy;
			containerPortal = 50C00E8EE84CF6F46EABD453 /* Project object */;
			proxyType = 1;
			remoteGlobalIDString = DB7B8B8A2F05F89DD391DAB6;
			remoteInfo = HydraCore;
		};
		23E38ED9677E9F37FC610522 /* PBXContainerItemProxy */ = {
			isa = PBXContainerItemProxy;
			containerPortal = 50C00E8EE84CF6F46EABD453 /* Project object */;
			proxyType = 1;
			remoteGlobalIDString = 95B49B021E94CBD2959434D9;
			remoteInfo = HydraPluginHostABI;
		};
		2ED7373AAC32DCE193757ADB /* PBXContainerItemProxy */ = {
			isa = PBXContainerItemProxy;
			containerPortal = 50C00E8EE84CF6F46EABD453 /* Project object */;
			proxyType = 1;
			remoteGlobalIDString = DB7B8B8A2F05F89DD391DAB6;
			remoteInfo = HydraCore;
		};
		35EADF535B36BF57EF5D20C6 /* PBXContainerItemProxy */ = {
			isa = PBXContainerItemProxy;
			containerPortal = 50C00E8EE84CF6F46EABD453 /* Project object */;
			proxyType = 1;
			remoteGlobalIDString = 95B49B021E94CBD2959434D9;
			remoteInfo = HydraPluginHostABI;
		};
		481DF31360F532FA88EEC5ED /* PBXContainerItemProxy */ = {
			isa = PBXContainerItemProxy;
			containerPortal = 50C00E8EE84CF6F46EABD453 /* Project object */;
			proxyType = 1;
			remoteGlobalIDString = DB7B8B8A2F05F89DD391DAB6;
			remoteInfo = HydraCore;
		};
		7C1039F365814E53D73921CB /* PBXContainerItemProxy */ = {
			isa = PBXContainerItemProxy;
			containerPortal = 50C00E8EE84CF6F46EABD453 /* Project object */;
			proxyType = 1;
			remoteGlobalIDString = 6ADDE535D95EF69224012787;
			remoteInfo = FetchVST3SDK;
		};
		7D57B04F32DCD0E539C95410 /* PBXContainerItemProxy */ = {
			isa = PBXContainerItemProxy;
			containerPortal = 50C00E8EE84CF6F46EABD453 /* Project object */;
			proxyType = 1;
			remoteGlobalIDString = D7CEF5841FB5021993614122;
			remoteInfo = HydraVST;
		};
		82C0E74720C8BD332D773199 /* PBXContainerItemProxy */ = {
			isa = PBXContainerItemProxy;
			containerPortal = 50C00E8EE84CF6F46EABD453 /* Project object */;
			proxyType = 1;
			remoteGlobalIDString = EDF04975BE6E21FDCA7B1AD1;
			remoteInfo = "hydra-plugin-host";
		};
		9EC4EEB10AFDA329C51FE61A /* PBXContainerItemProxy */ = {
			isa = PBXContainerItemProxy;
			containerPortal = 50C00E8EE84CF6F46EABD453 /* Project object */;
			proxyType = 1;
			remoteGlobalIDString = D7CEF5841FB5021993614122;
			remoteInfo = HydraVST;
		};
		A2B3F7EAB22A074A98DC1C8A /* PBXContainerItemProxy */ = {
			isa = PBXContainerItemProxy;
			containerPortal = 50C00E8EE84CF6F46EABD453 /* Project object */;
			proxyType = 1;
			remoteGlobalIDString = 1D5EA611FFDA9FF1768E6F4C;
			remoteInfo = HydraNDIShim;
		};
/* End PBXContainerItemProxy section */

/* Begin PBXCopyFilesBuildPhase section */
		0C842D57C1A5A514A8223EB2 /* Embed Frameworks */ = {
			isa = PBXCopyFilesBuildPhase;
			buildActionMask = 2147483647;
			dstPath = "";
			dstSubfolderSpec = 10;
			files = (
				BB939B949D34D368C432751B /* HydraCore.framework in Embed Frameworks */,
			);
			name = "Embed Frameworks";
			runOnlyForDeploymentPostprocessing = 0;
		};
		107117A2D23C1679A9E917C6 /* Embed Frameworks */ = {
			isa = PBXCopyFilesBuildPhase;
			buildActionMask = 2147483647;
			dstPath = "";
			dstSubfolderSpec = 10;
			files = (
				86388141184072B028DDE57F /* HydraCore.framework in Embed Frameworks */,
				B1C5B7B9773F0D8D61FD52BC /* HydraVST.framework in Embed Frameworks */,
				7320044A1591AA211A3B35C2 /* HydraNDIShim.framework in Embed Frameworks */,
				9E057F544A100E3F1E7BEF6E /* HydraModuleABI.framework in Embed Frameworks */,
				C0A7A52E22703E088BCFDE41 /* HydraPluginHostABI.framework in Embed Frameworks */,
			);
			name = "Embed Frameworks";
			runOnlyForDeploymentPostprocessing = 0;
		};
		163DF83CCE6CCCC579C61B75 /* Embed Plugin Host */ = {
			isa = PBXCopyFilesBuildPhase;
			buildActionMask = 2147483647;
			dstPath = Contents/Library/Helpers;
			dstSubfolderSpec = 1;
			files = (
				0CAE3F45B0FEAB2BFA31F483 /* hydra-plugin-host.app in Embed Plugin Host */,
			);
			name = "Embed Plugin Host";
			runOnlyForDeploymentPostprocessing = 0;
		};
		32F69A20AC3BDED1EF9200C1 /* Embed Daemon Helper */ = {
			isa = PBXCopyFilesBuildPhase;
			buildActionMask = 2147483647;
			dstPath = Contents/Library/Helpers;
			dstSubfolderSpec = 1;
			files = (
				F8F9C2989ADAB8B00990C186 /* hydrad.app in Embed Daemon Helper */,
			);
			name = "Embed Daemon Helper";
			runOnlyForDeploymentPostprocessing = 0;
		};
		6B3D6F381638B6C6051F840B /* Embed Sparkle */ = {
			isa = PBXCopyFilesBuildPhase;
			buildActionMask = 2147483647;
			dstPath = "";
			dstSubfolderSpec = 10;
			files = (
				07614B5F43956BFE0A039382 /* Sparkle.framework in Embed Sparkle */,
			);
			name = "Embed Sparkle";
			runOnlyForDeploymentPostprocessing = 0;
		};
		752A5306A4F72432FFDBB2D6 /* Embed Soundcard Driver */ = {
			isa = PBXCopyFilesBuildPhase;
			buildActionMask = 2147483647;
			dstPath = "";
			dstSubfolderSpec = 7;
			files = (
				0E430ABDF0E5F2A4113421C8 /* HydraVirtualSoundcard.bundle in Embed Soundcard Driver */,
			);
			name = "Embed Soundcard Driver";
			runOnlyForDeploymentPostprocessing = 0;
		};
		F2B04B36334BF070F0DFA32F /* Embed LaunchAgent */ = {
			isa = PBXCopyFilesBuildPhase;
			buildActionMask = 2147483647;
			dstPath = Contents/Library/LaunchAgents;
			dstSubfolderSpec = 1;
			files = (
				38B3352BE1AB8F67B02F472B /* audio.hydra.daemon.plist in Embed LaunchAgent */,
			);
			name = "Embed LaunchAgent";
			runOnlyForDeploymentPostprocessing = 0;
		};
		FC84A841E78EBE9545ED6B61 /* Embed Frameworks */ = {
			isa = PBXCopyFilesBuildPhase;
			buildActionMask = 2147483647;
			dstPath = "";
			dstSubfolderSpec = 10;
			files = (
				E40A55A7A1B715A9EB09718A /* HydraVST.framework in Embed Frameworks */,
				9A898F48CC9C4E882AD3A392 /* HydraPluginHostABI.framework in Embed Frameworks */,
			);
			name = "Embed Frameworks";
			runOnlyForDeploymentPostprocessing = 0;
		};
/* End PBXCopyFilesBuildPhase section */

/* Begin PBXFileReference section */
		0A86BC555590407035D6A2A5 /* CoreFoundation.framework */ = {isa = PBXFileReference; lastKnownFileType = wrapper.framework; name = CoreFoundation.framework; path = Platforms/MacOSX.platform/Developer/SDKs/MacOSX15.0.sdk/System/Library/Frameworks/CoreFoundation.framework; sourceTree = DEVELOPER_DIR; };
		186C6C7517081DF87B68CA37 /* HydraVirtualSoundcard.bundle */ = {isa = PBXFileReference; explicitFileType = "wrapper.plug-in"; includeInIndex = 0; path = HydraVirtualSoundcard.bundle; sourceTree = BUILT_PRODUCTS_DIR; };
		196717D3EE2E9BB8241E7C9C /* HydraApp.app */ = {isa = PBXFileReference; explicitFileType = wrapper.application; includeInIndex = 0; path = HydraApp.app; sourceTree = BUILT_PRODUCTS_DIR; };
		2293F6DCFB479DB3757D8709 /* HydraCoreTests.xctest */ = {isa = PBXFileReference; explicitFileType = wrapper.cfbundle; includeInIndex = 0; path = HydraCoreTests.xctest; sourceTree = BUILT_PRODUCTS_DIR; };
		3D25BF517DE448595291E0BE /* Foundation.framework */ = {isa = PBXFileReference; lastKnownFileType = wrapper.framework; name = Foundation.framework; path = Platforms/MacOSX.platform/Developer/SDKs/MacOSX15.0.sdk/System/Library/Frameworks/Foundation.framework; sourceTree = DEVELOPER_DIR; };
		4446585A7AF96B6C96C18989 /* HydraVST.framework */ = {isa = PBXFileReference; explicitFileType = wrapper.framework; includeInIndex = 0; path = HydraVST.framework; sourceTree = BUILT_PRODUCTS_DIR; };
		4FA6D3DE28E199E915B6F9A8 /* Cocoa.framework */ = {isa = PBXFileReference; lastKnownFileType = wrapper.framework; name = Cocoa.framework; path = Platforms/MacOSX.platform/Developer/SDKs/MacOSX15.0.sdk/System/Library/Frameworks/Cocoa.framework; sourceTree = DEVELOPER_DIR; };
		67368557FA6965D8EDB340CC /* HydraModuleABI.framework */ = {isa = PBXFileReference; explicitFileType = wrapper.framework; includeInIndex = 0; path = HydraModuleABI.framework; sourceTree = BUILT_PRODUCTS_DIR; };
		7B7E34C9160DA33F5434B478 /* Accelerate.framework */ = {isa = PBXFileReference; lastKnownFileType = wrapper.framework; name = Accelerate.framework; path = Platforms/MacOSX.platform/Developer/SDKs/MacOSX15.0.sdk/System/Library/Frameworks/Accelerate.framework; sourceTree = DEVELOPER_DIR; };
		96C73EC8519FF43B47E7F7F4 /* hydrad.app */ = {isa = PBXFileReference; explicitFileType = wrapper.application; includeInIndex = 0; path = hydrad.app; sourceTree = BUILT_PRODUCTS_DIR; };
		A43971C4C70C3305ABFE4665 /* hydra-plugin-host.app */ = {isa = PBXFileReference; explicitFileType = wrapper.application; includeInIndex = 0; path = "hydra-plugin-host.app"; sourceTree = BUILT_PRODUCTS_DIR; };
		A9E620DBB95C62F85C7BD1D0 /* HydraNDIShim.framework */ = {isa = PBXFileReference; explicitFileType = wrapper.framework; includeInIndex = 0; path = HydraNDIShim.framework; sourceTree = BUILT_PRODUCTS_DIR; };
		BFAF276323879D27F338599D /* Media.xcassets */ = {isa = PBXFileReference; includeInIndex = 1; lastKnownFileType = folder.assetcatalog; path = Media.xcassets; sourceTree = "<group>"; };
		C1C32C0664CEF6445D023854 /* Sparkle.framework */ = {isa = PBXFileReference; explicitFileType = wrapper.framework; lastKnownFileType = wrapper.framework; name = Sparkle.framework; path = ThirdParty/Sparkle/Sparkle.framework; sourceTree = "<group>"; };
		D53BBD73958FDA51F2226256 /* audio.hydra.daemon.plist */ = {isa = PBXFileReference; includeInIndex = 1; lastKnownFileType = text.plist.xml; name = audio.hydra.daemon.plist; path = Sources/HydraApp/LaunchAgents/audio.hydra.daemon.plist; sourceTree = "<group>"; };
		E529002E3CFE3C33826B1299 /* HydraCore.framework */ = {isa = PBXFileReference; explicitFileType = wrapper.framework; includeInIndex = 0; path = HydraCore.framework; sourceTree = BUILT_PRODUCTS_DIR; };
		FB09E9D558B275FD102B2976 /* HydraPluginHostABI.framework */ = {isa = PBXFileReference; explicitFileType = wrapper.framework; includeInIndex = 0; path = HydraPluginHostABI.framework; sourceTree = BUILT_PRODUCTS_DIR; };
		FD6E99404C0852788E5CB3C6 /* CoreAudio.framework */ = {isa = PBXFileReference; lastKnownFileType = wrapper.framework; name = CoreAudio.framework; path = Platforms/MacOSX.platform/Developer/SDKs/MacOSX15.0.sdk/System/Library/Frameworks/CoreAudio.framework; sourceTree = DEVELOPER_DIR; };
/* End PBXFileReference section */

/* Begin PBXFileSystemSynchronizedBuildFileExceptionSet section */
		05D3C75416EFFC5F8C33FA9B /* Exceptions for "Sources/HydraPluginHostABI" folder in "HydraPluginHostABI" target */ = {
			isa = PBXFileSystemSynchronizedBuildFileExceptionSet;
			publicHeaders = (
				include/hydra_plugin_shm.h,
			);
			target = 95B49B021E94CBD2959434D9 /* HydraPluginHostABI */;
		};
		3534A18615824EC49648D311 /* Exceptions for "Sources/HydraApp" folder in "HydraApp" target */ = {
			isa = PBXFileSystemSynchronizedBuildFileExceptionSet;
			membershipExceptions = (
				Info.plist,
				LaunchAgents/audio.hydra.daemon.plist,
			);
			target = 314920E88307CE4447043387 /* HydraApp */;
		};
		83696FC63AEBDE92CAF67FA4 /* Exceptions for "Sources/HydraModuleABI" folder in "HydraModuleABI" target */ = {
			isa = PBXFileSystemSynchronizedBuildFileExceptionSet;
			publicHeaders = (
				include/hydra_module.h,
			);
			target = 4717AA32923BF2E1389D22E3 /* HydraModuleABI */;
		};
		CBD31CA56291C9FB090EB715 /* Exceptions for "Sources/HydraVST" folder in "HydraVST" target */ = {
			isa = PBXFileSystemSynchronizedBuildFileExceptionSet;
			publicHeaders = (
				include/hydra_vst.h,
			);
			target = D7CEF5841FB5021993614122 /* HydraVST */;
		};
		D373A9A4C74C928C1E55B4EC /* Exceptions for "Backplane/Driver" folder in "HydraVirtualSoundcard" target */ = {
			isa = PBXFileSystemSynchronizedBuildFileExceptionSet;
			membershipExceptions = (
				Hydra.plist,
			);
			target = 2F086C6F46CD0F470F84189A /* HydraVirtualSoundcard */;
		};
		F052838E8D4E64F51EA6FF57 /* Exceptions for "Sources/hydrad" folder in "hydrad" target */ = {
			isa = PBXFileSystemSynchronizedBuildFileExceptionSet;
			membershipExceptions = (
				Info.plist,
			);
			target = A9C9963F85E32541D850FA62 /* hydrad */;
		};
		F894EE78780110B340276DEB /* Exceptions for "Sources/HydraNDIShim" folder in "HydraNDIShim" target */ = {
			isa = PBXFileSystemSynchronizedBuildFileExceptionSet;
			publicHeaders = (
				include/hydra_ndi.h,
			);
			target = 1D5EA611FFDA9FF1768E6F4C /* HydraNDIShim */;
		};
/* End PBXFileSystemSynchronizedBuildFileExceptionSet section */

/* Begin PBXFileSystemSynchronizedRootGroup section */
		20883CA5AA2FF4C4A7669F4C /* Backplane/Driver */ = {
			isa = PBXFileSystemSynchronizedRootGroup;
			exceptions = (
				D373A9A4C74C928C1E55B4EC /* Exceptions for "Backplane/Driver" folder in "HydraVirtualSoundcard" target */,
			);
			path = Backplane/Driver;
			sourceTree = "<group>";
		};
		2537AA588CCF4F80B9943518 /* Sources/HydraNDIShim */ = {
			isa = PBXFileSystemSynchronizedRootGroup;
			exceptions = (
				F894EE78780110B340276DEB /* Exceptions for "Sources/HydraNDIShim" folder in "HydraNDIShim" target */,
			);
			path = Sources/HydraNDIShim;
			sourceTree = "<group>";
		};
		31F6C46E268C250AC6327B84 /* Sources/HydraCore */ = {
			isa = PBXFileSystemSynchronizedRootGroup;
			exceptions = (
			);
			path = Sources/HydraCore;
			sourceTree = "<group>";
		};
		3F1DAD07ECC42C4D1DD344A9 /* Sources/HydraApp */ = {
			isa = PBXFileSystemSynchronizedRootGroup;
			exceptions = (
				3534A18615824EC49648D311 /* Exceptions for "Sources/HydraApp" folder in "HydraApp" target */,
			);
			path = Sources/HydraApp;
			sourceTree = "<group>";
		};
		8CD62EDFD8C6C7FFD7102627 /* Sources/HydraVST */ = {
			isa = PBXFileSystemSynchronizedRootGroup;
			exceptions = (
				CBD31CA56291C9FB090EB715 /* Exceptions for "Sources/HydraVST" folder in "HydraVST" target */,
			);
			path = Sources/HydraVST;
			sourceTree = "<group>";
		};
		AD846C5BC52CFD7659737FF0 /* Sources/HydraModuleABI */ = {
			isa = PBXFileSystemSynchronizedRootGroup;
			exceptions = (
				83696FC63AEBDE92CAF67FA4 /* Exceptions for "Sources/HydraModuleABI" folder in "HydraModuleABI" target */,
			);
			path = Sources/HydraModuleABI;
			sourceTree = "<group>";
		};
		AE85C7442758AB584FA83689 /* Sources/hydra-plugin-host */ = {
			isa = PBXFileSystemSynchronizedRootGroup;
			exceptions = (
			);
			path = "Sources/hydra-plugin-host";
			sourceTree = "<group>";
		};
		E567ED74F8C786588D359236 /* Sources/hydrad */ = {
			isa = PBXFileSystemSynchronizedRootGroup;
			exceptions = (
				F052838E8D4E64F51EA6FF57 /* Exceptions for "Sources/hydrad" folder in "hydrad" target */,
			);
			path = Sources/hydrad;
			sourceTree = "<group>";
		};
		EA1063BF7BFCB711372F8520 /* Sources/HydraPluginHostABI */ = {
			isa = PBXFileSystemSynchronizedRootGroup;
			exceptions = (
				05D3C75416EFFC5F8C33FA9B /* Exceptions for "Sources/HydraPluginHostABI" folder in "HydraPluginHostABI" target */,
			);
			path = Sources/HydraPluginHostABI;
			sourceTree = "<group>";
		};
		F91CFF9E1F331E9D9C28C6EB /* Tests/HydraCoreTests */ = {
			isa = PBXFileSystemSynchronizedRootGroup;
			exceptions = (
			);
			path = Tests/HydraCoreTests;
			sourceTree = "<group>";
		};
/* End PBXFileSystemSynchronizedRootGroup section */

/* Begin PBXFrameworksBuildPhase section */
		0FDA13F90AFE5B56135AB44B /* Frameworks */ = {
			isa = PBXFrameworksBuildPhase;
			buildActionMask = 2147483647;
			files = (
				B61BFE8D695BD56B7EA97D80 /* Cocoa.framework in Frameworks */,
			);
			runOnlyForDeploymentPostprocessing = 0;
		};
		39E8F96C1604042D3D2FFA31 /* Frameworks */ = {
			isa = PBXFrameworksBuildPhase;
			buildActionMask = 2147483647;
			files = (
				8BD3934FAB258187D63856FF /* Cocoa.framework in Frameworks */,
				9C1D03D3CD0C11AEABEAE610 /* HydraCore.framework in Frameworks */,
			);
			runOnlyForDeploymentPostprocessing = 0;
		};
		4F022D4D20BD3D1A3E70BED9 /* Frameworks */ = {
			isa = PBXFrameworksBuildPhase;
			buildActionMask = 2147483647;
			files = (
				9A056A15449DCBDCDC8CA26B /* Cocoa.framework in Frameworks */,
				174E5012113D09A17203C7C1 /* HydraCore.framework in Frameworks */,
				8618C2AE50A3229B35DC5F21 /* Sparkle.framework in Frameworks */,
			);
			runOnlyForDeploymentPostprocessing = 0;
		};
		5CDC8D9B2F48D4FADA24BDFF /* Frameworks */ = {
			isa = PBXFrameworksBuildPhase;
			buildActionMask = 2147483647;
			files = (
				7A1C97BBE39A8BF5398D40F1 /* Cocoa.framework in Frameworks */,
				FAE15705ECD562D038DC99B2 /* HydraCore.framework in Frameworks */,
				6F495E30675723D7DE1F2040 /* HydraVST.framework in Frameworks */,
				C6525A2C241C30E58BD0E707 /* HydraNDIShim.framework in Frameworks */,
				C9721D0F901C26756AA5CFA7 /* HydraModuleABI.framework in Frameworks */,
				600008DE8694635ACF810ABD /* HydraPluginHostABI.framework in Frameworks */,
			);
			runOnlyForDeploymentPostprocessing = 0;
		};
		6FA26B77EC2E252A6BC58560 /* Frameworks */ = {
			isa = PBXFrameworksBuildPhase;
			buildActionMask = 2147483647;
			files = (
				196CB553D79E65EA09D675D1 /* Cocoa.framework in Frameworks */,
			);
			runOnlyForDeploymentPostprocessing = 0;
		};
		8764F8D0F5EF894C3F1F8C6C /* Frameworks */ = {
			isa = PBXFrameworksBuildPhase;
			buildActionMask = 2147483647;
			files = (
				168D49B28700FEA9808CBD64 /* Cocoa.framework in Frameworks */,
			);
			runOnlyForDeploymentPostprocessing = 0;
		};
		99FDDB1C5296EC79C206BB74 /* Frameworks */ = {
			isa = PBXFrameworksBuildPhase;
			buildActionMask = 2147483647;
			files = (
				545FF197E50062D585564970 /* Cocoa.framework in Frameworks */,
				8596ACE9F3A3E8737C7711E4 /* CoreFoundation.framework in Frameworks */,
				F7BA7B3B65E56DC623D223DA /* Foundation.framework in Frameworks */,
			);
			runOnlyForDeploymentPostprocessing = 0;
		};
		BFBF7F944CA33375B4884730 /* Frameworks */ = {
			isa = PBXFrameworksBuildPhase;
			buildActionMask = 2147483647;
			files = (
				B994BF7545349B266CBCA4A9 /* Cocoa.framework in Frameworks */,
				0D297381A77B6F419E7A7AF8 /* HydraVST.framework in Frameworks */,
				34BE2652B3E23B19BCA804AA /* HydraPluginHostABI.framework in Frameworks */,
			);
			runOnlyForDeploymentPostprocessing = 0;
		};
		CDCDE1641045FA6E2A953C22 /* Frameworks */ = {
			isa = PBXFrameworksBuildPhase;
			buildActionMask = 2147483647;
			files = (
				9FEE59FA6C0A848EAA822800 /* Cocoa.framework in Frameworks */,
				F4910CFA990AA5447B2F19F2 /* CoreAudio.framework in Frameworks */,
				E8F76430623E5F3496B44462 /* CoreFoundation.framework in Frameworks */,
				08E8AC46C6C4E55CCDE3B660 /* Accelerate.framework in Frameworks */,
			);
			runOnlyForDeploymentPostprocessing = 0;
		};
		D6E8D453503F9D5B13116D1D /* Frameworks */ = {
			isa = PBXFrameworksBuildPhase;
			buildActionMask = 2147483647;
			files = (
				BF8A60BCD98CDB0F8554C7D2 /* Cocoa.framework in Frameworks */,
			);
			runOnlyForDeploymentPostprocessing = 0;
		};
/* End PBXFrameworksBuildPhase section */

/* Begin PBXGroup section */
		3E7017BEE9616D42D0AAD313 /* Frameworks */ = {
			isa = PBXGroup;
			children = (
				D5A8FF449DDA223B4C04398D /* OS X */,
			);
			name = Frameworks;
			sourceTree = "<group>";
		};
		A1693DA3EEA38EC9E1BE2C28 = {
			isa = PBXGroup;
			children = (
				E90BDBBB1C40C8674EFDC494 /* Products */,
				3E7017BEE9616D42D0AAD313 /* Frameworks */,
				31F6C46E268C250AC6327B84 /* Sources/HydraCore */,
				2537AA588CCF4F80B9943518 /* Sources/HydraNDIShim */,
				AD846C5BC52CFD7659737FF0 /* Sources/HydraModuleABI */,
				EA1063BF7BFCB711372F8520 /* Sources/HydraPluginHostABI */,
				8CD62EDFD8C6C7FFD7102627 /* Sources/HydraVST */,
				E567ED74F8C786588D359236 /* Sources/hydrad */,
				AE85C7442758AB584FA83689 /* Sources/hydra-plugin-host */,
				3F1DAD07ECC42C4D1DD344A9 /* Sources/HydraApp */,
				C1C32C0664CEF6445D023854 /* Sparkle.framework */,
				BFAF276323879D27F338599D /* Media.xcassets */,
				20883CA5AA2FF4C4A7669F4C /* Backplane/Driver */,
				D53BBD73958FDA51F2226256 /* audio.hydra.daemon.plist */,
				F91CFF9E1F331E9D9C28C6EB /* Tests/HydraCoreTests */,
			);
			sourceTree = "<group>";
		};
		D5A8FF449DDA223B4C04398D /* OS X */ = {
			isa = PBXGroup;
			children = (
				4FA6D3DE28E199E915B6F9A8 /* Cocoa.framework */,
				0A86BC555590407035D6A2A5 /* CoreFoundation.framework */,
				3D25BF517DE448595291E0BE /* Foundation.framework */,
				FD6E99404C0852788E5CB3C6 /* CoreAudio.framework */,
				7B7E34C9160DA33F5434B478 /* Accelerate.framework */,
			);
			name = "OS X";
			sourceTree = "<group>";
		};
		E90BDBBB1C40C8674EFDC494 /* Products */ = {
			isa = PBXGroup;
			children = (
				E529002E3CFE3C33826B1299 /* HydraCore.framework */,
				A9E620DBB95C62F85C7BD1D0 /* HydraNDIShim.framework */,
				67368557FA6965D8EDB340CC /* HydraModuleABI.framework */,
				FB09E9D558B275FD102B2976 /* HydraPluginHostABI.framework */,
				4446585A7AF96B6C96C18989 /* HydraVST.framework */,
				96C73EC8519FF43B47E7F7F4 /* hydrad.app */,
				A43971C4C70C3305ABFE4665 /* hydra-plugin-host.app */,
				196717D3EE2E9BB8241E7C9C /* HydraApp.app */,
				186C6C7517081DF87B68CA37 /* HydraVirtualSoundcard.bundle */,
				2293F6DCFB479DB3757D8709 /* HydraCoreTests.xctest */,
			);
			name = Products;
			sourceTree = "<group>";
		};
/* End PBXGroup section */

/* Begin PBXHeadersBuildPhase section */
		77AAA51C9BCE7E29D063F595 /* Headers */ = {
			isa = PBXHeadersBuildPhase;
			buildActionMask = 2147483647;
			files = (
			);
			runOnlyForDeploymentPostprocessing = 0;
		};
		946CA59F2FF6B60D840F9FAF /* Headers */ = {
			isa = PBXHeadersBuildPhase;
			buildActionMask = 2147483647;
			files = (
			);
			runOnlyForDeploymentPostprocessing = 0;
		};
		A88BDA0AEB166CD5DD4D4E33 /* Headers */ = {
			isa = PBXHeadersBuildPhase;
			buildActionMask = 2147483647;
			files = (
			);
			runOnlyForDeploymentPostprocessing = 0;
		};
		D30111F734D5D72FDCE53229 /* Headers */ = {
			isa = PBXHeadersBuildPhase;
			buildActionMask = 2147483647;
			files = (
			);
			runOnlyForDeploymentPostprocessing = 0;
		};
		D44D58F68817FD3632E6749D /* Headers */ = {
			isa = PBXHeadersBuildPhase;
			buildActionMask = 2147483647;
			files = (
			);
			runOnlyForDeploymentPostprocessing = 0;
		};
/* End PBXHeadersBuildPhase section */

/* Begin PBXNativeTarget section */
		08D4583C498891DA5224BB50 /* HydraCoreTests */ = {
			isa = PBXNativeTarget;
			buildConfigurationList = 2941AF144C2FE97641A1D66B /* Build configuration list for PBXNativeTarget "HydraCoreTests" */;
			buildPhases = (
				C2636E923809045F55239E8E /* Sources */,
				39E8F96C1604042D3D2FFA31 /* Frameworks */,
				3A3249B5AC33E38C794A1008 /* Resources */,
			);
			buildRules = (
			);
			dependencies = (
				11648DB7F9F8E277FC58FE99 /* PBXTargetDependency */,
			);
			fileSystemSynchronizedGroups = (
				F91CFF9E1F331E9D9C28C6EB /* Tests/HydraCoreTests */,
			);
			name = HydraCoreTests;
			productName = HydraCoreTests;
			productReference = 2293F6DCFB479DB3757D8709 /* HydraCoreTests.xctest */;
			productType = "com.apple.product-type.bundle.unit-test";
		};
		1D5EA611FFDA9FF1768E6F4C /* HydraNDIShim */ = {
			isa = PBXNativeTarget;
			buildConfigurationList = D6825B14406158A84525ACD3 /* Build configuration list for PBXNativeTarget "HydraNDIShim" */;
			buildPhases = (
				77AAA51C9BCE7E29D063F595 /* Headers */,
				3B4D7B2A6CEB45D71EAAFDCB /* Sources */,
				0FDA13F90AFE5B56135AB44B /* Frameworks */,
				829AB69C50818F501CE101E2 /* Resources */,
			);
			buildRules = (
			);
			dependencies = (
			);
			fileSystemSynchronizedGroups = (
				2537AA588CCF4F80B9943518 /* Sources/HydraNDIShim */,
			);
			name = HydraNDIShim;
			productName = HydraNDIShim;
			productReference = A9E620DBB95C62F85C7BD1D0 /* HydraNDIShim.framework */;
			productType = "com.apple.product-type.framework";
		};
		2F086C6F46CD0F470F84189A /* HydraVirtualSoundcard */ = {
			isa = PBXNativeTarget;
			buildConfigurationList = F7423197DF1E81605E724857 /* Build configuration list for PBXNativeTarget "HydraVirtualSoundcard" */;
			buildPhases = (
				29106C778D6829F48E22EC65 /* Sources */,
				CDCDE1641045FA6E2A953C22 /* Frameworks */,
				CBF959DC23CB63B1855D23C4 /* Resources */,
			);
			buildRules = (
			);
			dependencies = (
			);
			fileSystemSynchronizedGroups = (
				20883CA5AA2FF4C4A7669F4C /* Backplane/Driver */,
			);
			name = HydraVirtualSoundcard;
			productName = HydraVirtualSoundcard;
			productReference = 186C6C7517081DF87B68CA37 /* HydraVirtualSoundcard.bundle */;
			productType = "com.apple.product-type.bundle";
		};
		314920E88307CE4447043387 /* HydraApp */ = {
			isa = PBXNativeTarget;
			buildConfigurationList = 5A4AA6485472EEB38662217F /* Build configuration list for PBXNativeTarget "HydraApp" */;
			buildPhases = (
				53607939ED6AFE0AFFB9FCE2 /* Sources */,
				4F022D4D20BD3D1A3E70BED9 /* Frameworks */,
				960BC9343E390DC5CAF7D6BA /* Resources */,
				0C842D57C1A5A514A8223EB2 /* Embed Frameworks */,
				6B3D6F381638B6C6051F840B /* Embed Sparkle */,
				752A5306A4F72432FFDBB2D6 /* Embed Soundcard Driver */,
				32F69A20AC3BDED1EF9200C1 /* Embed Daemon Helper */,
				F2B04B36334BF070F0DFA32F /* Embed LaunchAgent */,
				163DF83CCE6CCCC579C61B75 /* Embed Plugin Host */,
			);
			buildRules = (
			);
			dependencies = (
				8A9171C0EE0AA8C2F3E616EF /* PBXTargetDependency */,
				1E7C677E5E8F02515DBC671E /* PBXTargetDependency */,
				68EB03925961401FB8F6A5CF /* PBXTargetDependency */,
				3E837451095D774111DB5846 /* PBXTargetDependency */,
			);
			fileSystemSynchronizedGroups = (
				3F1DAD07ECC42C4D1DD344A9 /* Sources/HydraApp */,
			);
			name = HydraApp;
			productName = HydraApp;
			productReference = 196717D3EE2E9BB8241E7C9C /* HydraApp.app */;
			productType = "com.apple.product-type.application";
		};
		4717AA32923BF2E1389D22E3 /* HydraModuleABI */ = {
			isa = PBXNativeTarget;
			buildConfigurationList = 853991208CB6545E3BA95A46 /* Build configuration list for PBXNativeTarget "HydraModuleABI" */;
			buildPhases = (
				A88BDA0AEB166CD5DD4D4E33 /* Headers */,
				671D97DC868CABFC8CD706A3 /* Sources */,
				D6E8D453503F9D5B13116D1D /* Frameworks */,
				F90D0AF4DCE3778AACBC6179 /* Resources */,
			);
			buildRules = (
			);
			dependencies = (
			);
			fileSystemSynchronizedGroups = (
				AD846C5BC52CFD7659737FF0 /* Sources/HydraModuleABI */,
			);
			name = HydraModuleABI;
			productName = HydraModuleABI;
			productReference = 67368557FA6965D8EDB340CC /* HydraModuleABI.framework */;
			productType = "com.apple.product-type.framework";
		};
		95B49B021E94CBD2959434D9 /* HydraPluginHostABI */ = {
			isa = PBXNativeTarget;
			buildConfigurationList = F1AF05C222875EAC56F6E466 /* Build configuration list for PBXNativeTarget "HydraPluginHostABI" */;
			buildPhases = (
				946CA59F2FF6B60D840F9FAF /* Headers */,
				91FDF702CDBAC267D9F1E12A /* Sources */,
				8764F8D0F5EF894C3F1F8C6C /* Frameworks */,
				E6618AFCA5F4F799A0E114B6 /* Resources */,
			);
			buildRules = (
			);
			dependencies = (
			);
			fileSystemSynchronizedGroups = (
				EA1063BF7BFCB711372F8520 /* Sources/HydraPluginHostABI */,
			);
			name = HydraPluginHostABI;
			productName = HydraPluginHostABI;
			productReference = FB09E9D558B275FD102B2976 /* HydraPluginHostABI.framework */;
			productType = "com.apple.product-type.framework";
		};
		A9C9963F85E32541D850FA62 /* hydrad */ = {
			isa = PBXNativeTarget;
			buildConfigurationList = 7B62C6FB81B1BBE259D5785A /* Build configuration list for PBXNativeTarget "hydrad" */;
			buildPhases = (
				543CCEA4A2907F6D36ECDA66 /* Sources */,
				5CDC8D9B2F48D4FADA24BDFF /* Frameworks */,
				36E4CCC829AFDB05B01C1B38 /* Resources */,
				107117A2D23C1679A9E917C6 /* Embed Frameworks */,
			);
			buildRules = (
			);
			dependencies = (
				3B3875FEE9FCCE6CD7BEA099 /* PBXTargetDependency */,
				6A4C2E9C7CEB2B680AA52AA0 /* PBXTargetDependency */,
				08D86C02998471C28FAE3A56 /* PBXTargetDependency */,
				23DF3BB83BE0AE98AA8A6FFA /* PBXTargetDependency */,
				DFF7BD3F223B2B99FC143C12 /* PBXTargetDependency */,
				DB945A4404B13F0AC6839211 /* PBXTargetDependency */,
			);
			fileSystemSynchronizedGroups = (
				E567ED74F8C786588D359236 /* Sources/hydrad */,
			);
			name = hydrad;
			productName = hydrad;
			productReference = 96C73EC8519FF43B47E7F7F4 /* hydrad.app */;
			productType = "com.apple.product-type.application";
		};
		D7CEF5841FB5021993614122 /* HydraVST */ = {
			isa = PBXNativeTarget;
			buildConfigurationList = FDB81FA9A8F2F14275D890AB /* Build configuration list for PBXNativeTarget "HydraVST" */;
			buildPhases = (
				D44D58F68817FD3632E6749D /* Headers */,
				370C8997764173DC572D1EF9 /* Sources */,
				99FDDB1C5296EC79C206BB74 /* Frameworks */,
				C1C7893CE197DDCE0477F29C /* Resources */,
			);
			buildRules = (
			);
			dependencies = (
				5BF00C51D3B71E4252A5E3A2 /* PBXTargetDependency */,
			);
			fileSystemSynchronizedGroups = (
				8CD62EDFD8C6C7FFD7102627 /* Sources/HydraVST */,
			);
			name = HydraVST;
			productName = HydraVST;
			productReference = 4446585A7AF96B6C96C18989 /* HydraVST.framework */;
			productType = "com.apple.product-type.framework";
		};
		DB7B8B8A2F05F89DD391DAB6 /* HydraCore */ = {
			isa = PBXNativeTarget;
			buildConfigurationList = 28D161C9CFF461BF8D15E8E7 /* Build configuration list for PBXNativeTarget "HydraCore" */;
			buildPhases = (
				D30111F734D5D72FDCE53229 /* Headers */,
				AADD8158DAEFC66E1F7BB944 /* Sources */,
				6FA26B77EC2E252A6BC58560 /* Frameworks */,
				7169C8DD1A8FF6F2FDF754F2 /* Resources */,
			);
			buildRules = (
			);
			dependencies = (
			);
			fileSystemSynchronizedGroups = (
				31F6C46E268C250AC6327B84 /* Sources/HydraCore */,
			);
			name = HydraCore;
			productName = HydraCore;
			productReference = E529002E3CFE3C33826B1299 /* HydraCore.framework */;
			productType = "com.apple.product-type.framework";
		};
		EDF04975BE6E21FDCA7B1AD1 /* hydra-plugin-host */ = {
			isa = PBXNativeTarget;
			buildConfigurationList = 00EB71F830C7B4036402CDC8 /* Build configuration list for PBXNativeTarget "hydra-plugin-host" */;
			buildPhases = (
				205E7E6C91CAB08ADD4E5825 /* Sources */,
				BFBF7F944CA33375B4884730 /* Frameworks */,
				69DF94BEDB1316D83BD55F99 /* Resources */,
				FC84A841E78EBE9545ED6B61 /* Embed Frameworks */,
			);
			buildRules = (
			);
			dependencies = (
				F9EC7F96BEA6F5EFDF673220 /* PBXTargetDependency */,
				081510E86AF6A69A0315B440 /* PBXTargetDependency */,
			);
			fileSystemSynchronizedGroups = (
				AE85C7442758AB584FA83689 /* Sources/hydra-plugin-host */,
			);
			name = "hydra-plugin-host";
			productName = "hydra-plugin-host";
			productReference = A43971C4C70C3305ABFE4665 /* hydra-plugin-host.app */;
			productType = "com.apple.product-type.application";
		};
/* End PBXNativeTarget section */

/* Begin PBXProject section */
		50C00E8EE84CF6F46EABD453 /* Project object */ = {
			isa = PBXProject;
			attributes = {
				LastSwiftUpdateCheck = 1600;
				LastUpgradeCheck = 1600;
			};
			buildConfigurationList = D737D70ED3F382C79C5F4C6F /* Build configuration list for PBXProject "Hydra" */;
			compatibilityVersion = "Xcode 3.2";
			developmentRegion = en;
			hasScannedForEncodings = 0;
			knownRegions = (
				en,
				Base,
				"pt-BR",
			);
			mainGroup = A1693DA3EEA38EC9E1BE2C28;
			minimizedProjectReferenceProxies = 0;
			preferredProjectObjectVersion = 77;
			productRefGroup = E90BDBBB1C40C8674EFDC494 /* Products */;
			projectDirPath = "";
			projectRoot = "";
			targets = (
				DB7B8B8A2F05F89DD391DAB6 /* HydraCore */,
				1D5EA611FFDA9FF1768E6F4C /* HydraNDIShim */,
				4717AA32923BF2E1389D22E3 /* HydraModuleABI */,
				95B49B021E94CBD2959434D9 /* HydraPluginHostABI */,
				D7CEF5841FB5021993614122 /* HydraVST */,
				6ADDE535D95EF69224012787 /* FetchVST3SDK */,
				A9C9963F85E32541D850FA62 /* hydrad */,
				EDF04975BE6E21FDCA7B1AD1 /* hydra-plugin-host */,
				314920E88307CE4447043387 /* HydraApp */,
				2F086C6F46CD0F470F84189A /* HydraVirtualSoundcard */,
				08D4583C498891DA5224BB50 /* HydraCoreTests */,
			);
		};
/* End PBXProject section */

/* Begin PBXResourcesBuildPhase section */
		36E4CCC829AFDB05B01C1B38 /* Resources */ = {
			isa = PBXResourcesBuildPhase;
			buildActionMask = 2147483647;
			files = (
			);
			runOnlyForDeploymentPostprocessing = 0;
		};
		3A3249B5AC33E38C794A1008 /* Resources */ = {
			isa = PBXResourcesBuildPhase;
			buildActionMask = 2147483647;
			files = (
			);
			runOnlyForDeploymentPostprocessing = 0;
		};
		69DF94BEDB1316D83BD55F99 /* Resources */ = {
			isa = PBXResourcesBuildPhase;
			buildActionMask = 2147483647;
			files = (
			);
			runOnlyForDeploymentPostprocessing = 0;
		};
		7169C8DD1A8FF6F2FDF754F2 /* Resources */ = {
			isa = PBXResourcesBuildPhase;
			buildActionMask = 2147483647;
			files = (
			);
			runOnlyForDeploymentPostprocessing = 0;
		};
		829AB69C50818F501CE101E2 /* Resources */ = {
			isa = PBXResourcesBuildPhase;
			buildActionMask = 2147483647;
			files = (
			);
			runOnlyForDeploymentPostprocessing = 0;
		};
		960BC9343E390DC5CAF7D6BA /* Resources */ = {
			isa = PBXResourcesBuildPhase;
			buildActionMask = 2147483647;
			files = (
				BA02DEF71C692CD898F65DD5 /* Media.xcassets in Resources */,
			);
			runOnlyForDeploymentPostprocessing = 0;
		};
		C1C7893CE197DDCE0477F29C /* Resources */ = {
			isa = PBXResourcesBuildPhase;
			buildActionMask = 2147483647;
			files = (
			);
			runOnlyForDeploymentPostprocessing = 0;
		};
		CBF959DC23CB63B1855D23C4 /* Resources */ = {
			isa = PBXResourcesBuildPhase;
			buildActionMask = 2147483647;
			files = (
			);
			runOnlyForDeploymentPostprocessing = 0;
		};
		E6618AFCA5F4F799A0E114B6 /* Resources */ = {
			isa = PBXResourcesBuildPhase;
			buildActionMask = 2147483647;
			files = (
			);
			runOnlyForDeploymentPostprocessing = 0;
		};
		F90D0AF4DCE3778AACBC6179 /* Resources */ = {
			isa = PBXResourcesBuildPhase;
			buildActionMask = 2147483647;
			files = (
			);
			runOnlyForDeploymentPostprocessing = 0;
		};
/* End PBXResourcesBuildPhase section */

/* Begin PBXShellScriptBuildPhase section */
		972CAC67DAE79C3C9EC82E23 /* Fetch VST3 SDK */ = {
			isa = PBXShellScriptBuildPhase;
			buildActionMask = 2147483647;
			files = (
			);
			inputFileListPaths = (
			);
			inputPaths = (
				"$(SRCROOT)/Scripts/fetch_vst3sdk.sh",
			);
			name = "Fetch VST3 SDK";
			outputFileListPaths = (
			);
			outputPaths = (
				"$(SRCROOT)/ThirdParty/vst3sdk/pluginterfaces/base/ipluginbase.h",
			);
			runOnlyForDeploymentPostprocessing = 0;
			shellPath = /bin/sh;
			shellScript = "\"$SRCROOT/Scripts/fetch_vst3sdk.sh\"\n";
		};
/* End PBXShellScriptBuildPhase section */

/* Begin PBXSourcesBuildPhase section */
		205E7E6C91CAB08ADD4E5825 /* Sources */ = {
			isa = PBXSourcesBuildPhase;
			buildActionMask = 2147483647;
			files = (
			);
			runOnlyForDeploymentPostprocessing = 0;
		};
		29106C778D6829F48E22EC65 /* Sources */ = {
			isa = PBXSourcesBuildPhase;
			buildActionMask = 2147483647;
			files = (
			);
			runOnlyForDeploymentPostprocessing = 0;
		};
		370C8997764173DC572D1EF9 /* Sources */ = {
			isa = PBXSourcesBuildPhase;
			buildActionMask = 2147483647;
			files = (
			);
			runOnlyForDeploymentPostprocessing = 0;
		};
		3B4D7B2A6CEB45D71EAAFDCB /* Sources */ = {
			isa = PBXSourcesBuildPhase;
			buildActionMask = 2147483647;
			files = (
			);
			runOnlyForDeploymentPostprocessing = 0;
		};
		53607939ED6AFE0AFFB9FCE2 /* Sources */ = {
			isa = PBXSourcesBuildPhase;
			buildActionMask = 2147483647;
			files = (
			);
			runOnlyForDeploymentPostprocessing = 0;
		};
		543CCEA4A2907F6D36ECDA66 /* Sources */ = {
			isa = PBXSourcesBuildPhase;
			buildActionMask = 2147483647;
			files = (
			);
			runOnlyForDeploymentPostprocessing = 0;
		};
		671D97DC868CABFC8CD706A3 /* Sources */ = {
			isa = PBXSourcesBuildPhase;
			buildActionMask = 2147483647;
			files = (
			);
			runOnlyForDeploymentPostprocessing = 0;
		};
		91FDF702CDBAC267D9F1E12A /* Sources */ = {
			isa = PBXSourcesBuildPhase;
			buildActionMask = 2147483647;
			files = (
			);
			runOnlyForDeploymentPostprocessing = 0;
		};
		AADD8158DAEFC66E1F7BB944 /* Sources */ = {
			isa = PBXSourcesBuildPhase;
			buildActionMask = 2147483647;
			files = (
			);
			runOnlyForDeploymentPostprocessing = 0;
		};
		C2636E923809045F55239E8E /* Sources */ = {
			isa = PBXSourcesBuildPhase;
			buildActionMask = 2147483647;
			files = (
			);
			runOnlyForDeploymentPostprocessing = 0;
		};
/* End PBXSourcesBuildPhase section */

/* Begin PBXTargetDependency section */
		081510E86AF6A69A0315B440 /* PBXTargetDependency */ = {
			isa = PBXTargetDependency;
			name = HydraPluginHostABI;
			target = 95B49B021E94CBD2959434D9 /* HydraPluginHostABI */;
			targetProxy = 35EADF535B36BF57EF5D20C6 /* PBXContainerItemProxy */;
		};
		08D86C02998471C28FAE3A56 /* PBXTargetDependency */ = {
			isa = PBXTargetDependency;
			name = HydraNDIShim;
			target = 1D5EA611FFDA9FF1768E6F4C /* HydraNDIShim */;
			targetProxy = A2B3F7EAB22A074A98DC1C8A /* PBXContainerItemProxy */;
		};
		11648DB7F9F8E277FC58FE99 /* PBXTargetDependency */ = {
			isa = PBXTargetDependency;
			name = HydraCore;
			target = DB7B8B8A2F05F89DD391DAB6 /* HydraCore */;
			targetProxy = 481DF31360F532FA88EEC5ED /* PBXContainerItemProxy */;
		};
		1E7C677E5E8F02515DBC671E /* PBXTargetDependency */ = {
			isa = PBXTargetDependency;
			name = HydraVirtualSoundcard;
			target = 2F086C6F46CD0F470F84189A /* HydraVirtualSoundcard */;
			targetProxy = 067EE94090FB34F2B64F29ED /* PBXContainerItemProxy */;
		};
		23DF3BB83BE0AE98AA8A6FFA /* PBXTargetDependency */ = {
			isa = PBXTargetDependency;
			name = HydraModuleABI;
			target = 4717AA32923BF2E1389D22E3 /* HydraModuleABI */;
			targetProxy = 190937C81034D00EE329541B /* PBXContainerItemProxy */;
		};
		3B3875FEE9FCCE6CD7BEA099 /* PBXTargetDependency */ = {
			isa = PBXTargetDependency;
			name = HydraCore;
			target = DB7B8B8A2F05F89DD391DAB6 /* HydraCore */;
			targetProxy = 1FC9E338DD02454958FD5339 /* PBXContainerItemProxy */;
		};
		3E837451095D774111DB5846 /* PBXTargetDependency */ = {
			isa = PBXTargetDependency;
			name = "hydra-plugin-host";
			target = EDF04975BE6E21FDCA7B1AD1 /* hydra-plugin-host */;
			targetProxy = 82C0E74720C8BD332D773199 /* PBXContainerItemProxy */;
		};
		5BF00C51D3B71E4252A5E3A2 /* PBXTargetDependency */ = {
			isa = PBXTargetDependency;
			name = FetchVST3SDK;
			target = 6ADDE535D95EF69224012787 /* FetchVST3SDK */;
			targetProxy = 7C1039F365814E53D73921CB /* PBXContainerItemProxy */;
		};
		68EB03925961401FB8F6A5CF /* PBXTargetDependency */ = {
			isa = PBXTargetDependency;
			name = hydrad;
			target = A9C9963F85E32541D850FA62 /* hydrad */;
			targetProxy = 061E321B4AA9F2216687B7D4 /* PBXContainerItemProxy */;
		};
		6A4C2E9C7CEB2B680AA52AA0 /* PBXTargetDependency */ = {
			isa = PBXTargetDependency;
			name = HydraVST;
			target = D7CEF5841FB5021993614122 /* HydraVST */;
			targetProxy = 7D57B04F32DCD0E539C95410 /* PBXContainerItemProxy */;
		};
		8A9171C0EE0AA8C2F3E616EF /* PBXTargetDependency */ = {
			isa = PBXTargetDependency;
			name = HydraCore;
			target = DB7B8B8A2F05F89DD391DAB6 /* HydraCore */;
			targetProxy = 2ED7373AAC32DCE193757ADB /* PBXContainerItemProxy */;
		};
		DB945A4404B13F0AC6839211 /* PBXTargetDependency */ = {
			isa = PBXTargetDependency;
			name = "hydra-plugin-host";
			target = EDF04975BE6E21FDCA7B1AD1 /* hydra-plugin-host */;
			targetProxy = 0CEBBA56F7B1061C291A192B /* PBXContainerItemProxy */;
		};
		DFF7BD3F223B2B99FC143C12 /* PBXTargetDependency */ = {
			isa = PBXTargetDependency;
			name = HydraPluginHostABI;
			target = 95B49B021E94CBD2959434D9 /* HydraPluginHostABI */;
			targetProxy = 23E38ED9677E9F37FC610522 /* PBXContainerItemProxy */;
		};
		F9EC7F96BEA6F5EFDF673220 /* PBXTargetDependency */ = {
			isa = PBXTargetDependency;
			name = HydraVST;
			target = D7CEF5841FB5021993614122 /* HydraVST */;
			targetProxy = 9EC4EEB10AFDA329C51FE61A /* PBXContainerItemProxy */;
		};
/* End PBXTargetDependency section */

/* Begin XCBuildConfiguration section */
		0D36BA28CD8BDFBBBA133F3D /* Debug */ = {
			isa = XCBuildConfiguration;
			buildSettings = {
				ALWAYS_SEARCH_USER_PATHS = NO;
				ARCHS = "$(ARCHS_STANDARD)";
				CLANG_CXX_LANGUAGE_STANDARD = "c++2b";
				CLANG_CXX_LIBRARY = "libc++";
				CLANG_ENABLE_MODULES = YES;
				CLANG_ENABLE_OBJC_WEAK = YES;
				CLANG_WARN_DOCUMENTATION_COMMENTS = NO;
				COMBINE_HIDPI_IMAGES = YES;
				CURRENT_PROJECT_VERSION = 0.20.0;
				DEFINES_MODULE = YES;
				DYLIB_COMPATIBILITY_VERSION = 1;
				DYLIB_CURRENT_VERSION = 1;
				DYLIB_INSTALL_NAME_BASE = "@rpath";
				ENABLE_MODULE_VERIFIER = NO;
				ENABLE_USER_SCRIPT_SANDBOXING = NO;
				GCC_PREPROCESSOR_DEFINITIONS = (
					"$(inherited)",
					"RELEASE=1",
				);
				GCC_WARN_ABOUT_DEPRECATED_FUNCTIONS = NO;
				GENERATE_INFOPLIST_FILE = YES;
				HEADER_SEARCH_PATHS = (
					"$(inherited)",
					"$(SRCROOT)/Sources/HydraVST",
					"$(SRCROOT)/ThirdParty/vst3sdk",
				);
				INSTALL_PATH = "$(LOCAL_LIBRARY_DIR)/Frameworks";
				LD_RUNPATH_SEARCH_PATHS = (
					"$(inherited)",
					"@executable_path/../Frameworks",
					"@loader_path/Frameworks",
				);
				MACOSX_DEPLOYMENT_TARGET = 26.0;
				MARKETING_VERSION = 0.20.0;
				MODULEMAP_FILE = Sources/HydraVST/module.modulemap;
				ONLY_ACTIVE_ARCH = YES;
				PRODUCT_BUNDLE_IDENTIFIER = audio.hydra.vst;
				PRODUCT_NAME = "$(TARGET_NAME:c99extidentifier)";
				SDKROOT = macosx;
				SKIP_INSTALL = YES;
				SWIFT_APPROACHABLE_CONCURRENCY = YES;
				SWIFT_OPTIMIZATION_LEVEL = "-Onone";
				SWIFT_STRICT_CONCURRENCY = complete;
				SWIFT_VERSION = 6.0;
				VERSIONING_SYSTEM = "apple-generic";
				VERSION_INFO_PREFIX = "";
			};
			name = Debug;
		};
		106C01CD843E8E33F509D264 /* Debug */ = {
			isa = XCBuildConfiguration;
			buildSettings = {
				ALWAYS_SEARCH_USER_PATHS = NO;
				CLANG_ANALYZER_NONNULL = YES;
				CLANG_ANALYZER_NUMBER_OBJECT_CONVERSION = YES_AGGRESSIVE;
				CLANG_CXX_LANGUAGE_STANDARD = "gnu++14";
				CLANG_CXX_LIBRARY = "libc++";
				CLANG_ENABLE_MODULES = YES;
				CLANG_ENABLE_OBJC_ARC = YES;
				CLANG_ENABLE_OBJC_WEAK = YES;
				CLANG_WARN_BLOCK_CAPTURE_AUTORELEASING = YES;
				CLANG_WARN_BOOL_CONVERSION = YES;
				CLANG_WARN_COMMA = YES;
				CLANG_WARN_CONSTANT_CONVERSION = YES;
				CLANG_WARN_DEPRECATED_OBJC_IMPLEMENTATIONS = YES;
				CLANG_WARN_DIRECT_OBJC_ISA_USAGE = YES_ERROR;
				CLANG_WARN_DOCUMENTATION_COMMENTS = YES;
				CLANG_WARN_EMPTY_BODY = YES;
				CLANG_WARN_ENUM_CONVERSION = YES;
				CLANG_WARN_INFINITE_RECURSION = YES;
				CLANG_WARN_INT_CONVERSION = YES;
				CLANG_WARN_NON_LITERAL_NULL_CONVERSION = YES;
				CLANG_WARN_OBJC_IMPLICIT_RETAIN_SELF = YES;
				CLANG_WARN_OBJC_LITERAL_CONVERSION = YES;
				CLANG_WARN_OBJC_ROOT_CLASS = YES_ERROR;
				CLANG_WARN_QUOTED_INCLUDE_IN_FRAMEWORK_HEADER = YES;
				CLANG_WARN_RANGE_LOOP_ANALYSIS = YES;
				CLANG_WARN_STRICT_PROTOTYPES = YES;
				CLANG_WARN_SUSPICIOUS_MOVE = YES;
				CLANG_WARN_UNGUARDED_AVAILABILITY = YES_AGGRESSIVE;
				CLANG_WARN_UNREACHABLE_CODE = YES;
				CLANG_WARN__DUPLICATE_METHOD_MATCH = YES;
				COPY_PHASE_STRIP = NO;
				DEBUG_INFORMATION_FORMAT = dwarf;
				ENABLE_MODULE_VERIFIER = NO;
				ENABLE_STRICT_OBJC_MSGSEND = YES;
				ENABLE_TESTABILITY = YES;
				ENABLE_USER_SCRIPT_SANDBOXING = NO;
				GCC_C_LANGUAGE_STANDARD = gnu11;
				GCC_DYNAMIC_NO_PIC = NO;
				GCC_NO_COMMON_BLOCKS = YES;
				GCC_OPTIMIZATION_LEVEL = 0;
				GCC_PREPROCESSOR_DEFINITIONS = (
					"DEBUG=1",
					"$(inherited)",
				);
				GCC_WARN_64_TO_32_BIT_CONVERSION = YES;
				GCC_WARN_ABOUT_RETURN_TYPE = YES_ERROR;
				GCC_WARN_UNDECLARED_SELECTOR = YES;
				GCC_WARN_UNINITIALIZED_AUTOS = YES_AGGRESSIVE;
				GCC_WARN_UNUSED_FUNCTION = YES;
				GCC_WARN_UNUSED_VARIABLE = YES;
				MTL_ENABLE_DEBUG_INFO = INCLUDE_SOURCE;
				MTL_FAST_MATH = YES;
				ONLY_ACTIVE_ARCH = YES;
				PRODUCT_NAME = "$(TARGET_NAME)";
				SWIFT_ACTIVE_COMPILATION_CONDITIONS = DEBUG;
				SWIFT_OPTIMIZATION_LEVEL = "-Onone";
				SWIFT_VERSION = 5.0;
			};
			name = Debug;
		};
		11411D5866D15444ED390DF2 /* Debug */ = {
			isa = XCBuildConfiguration;
			buildSettings = {
				ALWAYS_SEARCH_USER_PATHS = NO;
				ARCHS = "$(ARCHS_STANDARD)";
				CLANG_ENABLE_MODULES = YES;
				CLANG_ENABLE_OBJC_WEAK = YES;
				COMBINE_HIDPI_IMAGES = YES;
				CURRENT_PROJECT_VERSION = 0.20.0;
				DEFINES_MODULE = YES;
				DYLIB_COMPATIBILITY_VERSION = 1;
				DYLIB_CURRENT_VERSION = 1;
				DYLIB_INSTALL_NAME_BASE = "@rpath";
				ENABLE_MODULE_VERIFIER = NO;
				ENABLE_USER_SCRIPT_SANDBOXING = NO;
				GENERATE_INFOPLIST_FILE = YES;
				INSTALL_PATH = "$(LOCAL_LIBRARY_DIR)/Frameworks";
				LD_RUNPATH_SEARCH_PATHS = (
					"$(inherited)",
					"@executable_path/../Frameworks",
					"@loader_path/Frameworks",
				);
				MACOSX_DEPLOYMENT_TARGET = 26.0;
				MARKETING_VERSION = 0.20.0;
				MODULEMAP_FILE = Sources/HydraNDIShim/module.modulemap;
				ONLY_ACTIVE_ARCH = YES;
				PRODUCT_BUNDLE_IDENTIFIER = audio.hydra.ndishim;
				PRODUCT_NAME = "$(TARGET_NAME:c99extidentifier)";
				SDKROOT = macosx;
				SKIP_INSTALL = YES;
				SWIFT_APPROACHABLE_CONCURRENCY = YES;
				SWIFT_OPTIMIZATION_LEVEL = "-Onone";
				SWIFT_STRICT_CONCURRENCY = complete;
				SWIFT_VERSION = 6.0;
				VERSIONING_SYSTEM = "apple-generic";
				VERSION_INFO_PREFIX = "";
			};
			name = Debug;
		};
		15E6694A77FD2B3A954112DE /* Release */ = {
			isa = XCBuildConfiguration;
			buildSettings = {
				ALWAYS_SEARCH_USER_PATHS = NO;
				ARCHS = (
					arm64,
					x86_64,
				);
				ASSETCATALOG_COMPILER_APPICON_NAME = AppIcon;
				ASSETCATALOG_COMPILER_GLOBAL_ACCENT_COLOR_NAME = AccentColor;
				CLANG_ENABLE_OBJC_WEAK = YES;
				CODE_SIGN_ENTITLEMENTS = Sources/hydrad/hydrad.entitlements;
				CODE_SIGN_IDENTITY = "-";
				CODE_SIGN_STYLE = Manual;
				COMBINE_HIDPI_IMAGES = YES;
				CURRENT_PROJECT_VERSION = 0.20.0;
				ENABLE_HARDENED_RUNTIME = YES;
				ENABLE_MODULE_VERIFIER = NO;
				ENABLE_USER_SCRIPT_SANDBOXING = NO;
				GENERATE_INFOPLIST_FILE = NO;
				INFOPLIST_FILE = Sources/hydrad/Info.plist;
				INFOPLIST_KEY_LSUIElement = YES;
				LD_RUNPATH_SEARCH_PATHS = (
					"$(inherited)",
					"@executable_path/../Frameworks",
					"@loader_path/../Frameworks",
				);
				MACOSX_DEPLOYMENT_TARGET = 26.0;
				MARKETING_VERSION = 0.20.0;
				ONLY_ACTIVE_ARCH = NO;
				PRODUCT_BUNDLE_IDENTIFIER = audio.hydra.daemon;
				PRODUCT_NAME = hydrad;
				SDKROOT = macosx;
				SWIFT_APPROACHABLE_CONCURRENCY = YES;
				SWIFT_OPTIMIZATION_LEVEL = "-O";
				SWIFT_STRICT_CONCURRENCY = complete;
				SWIFT_VERSION = 6.0;
			};
			name = Release;
		};
		1B62D25E4DF5D5D0E334A046 /* Debug */ = {
			isa = XCBuildConfiguration;
			buildSettings = {
				ALWAYS_SEARCH_USER_PATHS = NO;
				ARCHS = "$(ARCHS_STANDARD)";
				CLANG_ENABLE_MODULES = YES;
				CLANG_ENABLE_OBJC_WEAK = YES;
				COMBINE_HIDPI_IMAGES = YES;
				CURRENT_PROJECT_VERSION = 0.20.0;
				DEFINES_MODULE = YES;
				DYLIB_COMPATIBILITY_VERSION = 1;
				DYLIB_CURRENT_VERSION = 1;
				DYLIB_INSTALL_NAME_BASE = "@rpath";
				ENABLE_MODULE_VERIFIER = NO;
				ENABLE_USER_SCRIPT_SANDBOXING = NO;
				GENERATE_INFOPLIST_FILE = YES;
				INSTALL_PATH = "$(LOCAL_LIBRARY_DIR)/Frameworks";
				LD_RUNPATH_SEARCH_PATHS = (
					"$(inherited)",
					"@executable_path/../Frameworks",
					"@loader_path/Frameworks",
				);
				MACOSX_DEPLOYMENT_TARGET = 26.0;
				MARKETING_VERSION = 0.20.0;
				MODULEMAP_FILE = Sources/HydraModuleABI/module.modulemap;
				ONLY_ACTIVE_ARCH = YES;
				PRODUCT_BUNDLE_IDENTIFIER = audio.hydra.moduleabi;
				PRODUCT_NAME = "$(TARGET_NAME:c99extidentifier)";
				SDKROOT = macosx;
				SKIP_INSTALL = YES;
				SWIFT_APPROACHABLE_CONCURRENCY = YES;
				SWIFT_OPTIMIZATION_LEVEL = "-Onone";
				SWIFT_STRICT_CONCURRENCY = complete;
				SWIFT_VERSION = 6.0;
				VERSIONING_SYSTEM = "apple-generic";
				VERSION_INFO_PREFIX = "";
			};
			name = Debug;
		};
		33CDE8DFCD10DBC5C3CC3C22 /* Release */ = {
			isa = XCBuildConfiguration;
			buildSettings = {
				ALWAYS_SEARCH_USER_PATHS = NO;
				ARCHS = (
					arm64,
					x86_64,
				);
				CLANG_ENABLE_MODULES = YES;
				CLANG_ENABLE_OBJC_WEAK = YES;
				COMBINE_HIDPI_IMAGES = YES;
				CURRENT_PROJECT_VERSION = 0.20.0;
				DEFINES_MODULE = YES;
				DYLIB_COMPATIBILITY_VERSION = 1;
				DYLIB_CURRENT_VERSION = 1;
				DYLIB_INSTALL_NAME_BASE = "@rpath";
				ENABLE_MODULE_VERIFIER = NO;
				ENABLE_USER_SCRIPT_SANDBOXING = NO;
				GENERATE_INFOPLIST_FILE = YES;
				INSTALL_PATH = "$(LOCAL_LIBRARY_DIR)/Frameworks";
				LD_RUNPATH_SEARCH_PATHS = (
					"$(inherited)",
					"@executable_path/../Frameworks",
					"@loader_path/Frameworks",
				);
				MACOSX_DEPLOYMENT_TARGET = 26.0;
				MARKETING_VERSION = 0.20.0;
				MODULEMAP_FILE = Sources/HydraNDIShim/module.modulemap;
				ONLY_ACTIVE_ARCH = NO;
				PRODUCT_BUNDLE_IDENTIFIER = audio.hydra.ndishim;
				PRODUCT_NAME = "$(TARGET_NAME:c99extidentifier)";
				SDKROOT = macosx;
				SKIP_INSTALL = YES;
				SWIFT_APPROACHABLE_CONCURRENCY = YES;
				SWIFT_OPTIMIZATION_LEVEL = "-O";
				SWIFT_STRICT_CONCURRENCY = complete;
				SWIFT_VERSION = 6.0;
				VERSIONING_SYSTEM = "apple-generic";
				VERSION_INFO_PREFIX = "";
			};
			name = Release;
		};
		342CEAD0C339168A10CB0D44 /* Debug */ = {
			isa = XCBuildConfiguration;
			buildSettings = {
				ALWAYS_SEARCH_USER_PATHS = NO;
				ARCHS = "$(ARCHS_STANDARD)";
				ASSETCATALOG_COMPILER_APPICON_NAME = AppIcon;
				ASSETCATALOG_COMPILER_GLOBAL_ACCENT_COLOR_NAME = AccentColor;
				CLANG_ENABLE_OBJC_WEAK = YES;
				CODE_SIGN_ENTITLEMENTS = Sources/hydrad/hydrad.entitlements;
				CODE_SIGN_IDENTITY = "-";
				CODE_SIGN_STYLE = Manual;
				COMBINE_HIDPI_IMAGES = YES;
				CURRENT_PROJECT_VERSION = 0.20.0;
				ENABLE_HARDENED_RUNTIME = YES;
				ENABLE_MODULE_VERIFIER = NO;
				ENABLE_USER_SCRIPT_SANDBOXING = NO;
				GENERATE_INFOPLIST_FILE = NO;
				INFOPLIST_FILE = Sources/hydrad/Info.plist;
				INFOPLIST_KEY_LSUIElement = YES;
				LD_RUNPATH_SEARCH_PATHS = (
					"$(inherited)",
					"@executable_path/../Frameworks",
					"@loader_path/../Frameworks",
				);
				MACOSX_DEPLOYMENT_TARGET = 26.0;
				MARKETING_VERSION = 0.20.0;
				ONLY_ACTIVE_ARCH = YES;
				PRODUCT_BUNDLE_IDENTIFIER = audio.hydra.daemon;
				PRODUCT_NAME = hydrad;
				SDKROOT = macosx;
				SWIFT_APPROACHABLE_CONCURRENCY = YES;
				SWIFT_OPTIMIZATION_LEVEL = "-Onone";
				SWIFT_STRICT_CONCURRENCY = complete;
				SWIFT_VERSION = 6.0;
			};
			name = Debug;
		};
		4789412226307250A3145D89 /* Release */ = {
			isa = XCBuildConfiguration;
			buildSettings = {
				ALWAYS_SEARCH_USER_PATHS = NO;
				ARCHS = (
					arm64,
					x86_64,
				);
				CLANG_ENABLE_MODULES = YES;
				CLANG_ENABLE_OBJC_WEAK = YES;
				COMBINE_HIDPI_IMAGES = YES;
				CURRENT_PROJECT_VERSION = 0.20.0;
				DEFINES_MODULE = YES;
				DYLIB_COMPATIBILITY_VERSION = 1;
				DYLIB_CURRENT_VERSION = 1;
				DYLIB_INSTALL_NAME_BASE = "@rpath";
				ENABLE_MODULE_VERIFIER = NO;
				ENABLE_USER_SCRIPT_SANDBOXING = NO;
				GENERATE_INFOPLIST_FILE = YES;
				INSTALL_PATH = "$(LOCAL_LIBRARY_DIR)/Frameworks";
				LD_RUNPATH_SEARCH_PATHS = (
					"$(inherited)",
					"@executable_path/../Frameworks",
					"@loader_path/Frameworks",
				);
				MACOSX_DEPLOYMENT_TARGET = 26.0;
				MARKETING_VERSION = 0.20.0;
				MODULEMAP_FILE = Sources/HydraModuleABI/module.modulemap;
				ONLY_ACTIVE_ARCH = NO;
				PRODUCT_BUNDLE_IDENTIFIER = audio.hydra.moduleabi;
				PRODUCT_NAME = "$(TARGET_NAME:c99extidentifier)";
				SDKROOT = macosx;
				SKIP_INSTALL = YES;
				SWIFT_APPROACHABLE_CONCURRENCY = YES;
				SWIFT_OPTIMIZATION_LEVEL = "-O";
				SWIFT_STRICT_CONCURRENCY = complete;
				SWIFT_VERSION = 6.0;
				VERSIONING_SYSTEM = "apple-generic";
				VERSION_INFO_PREFIX = "";
			};
			name = Release;
		};
		507193252E366EF97453512D /* Debug */ = {
			isa = XCBuildConfiguration;
			buildSettings = {
				ALWAYS_SEARCH_USER_PATHS = NO;
				ARCHS = "$(ARCHS_STANDARD)";
				ASSETCATALOG_COMPILER_APPICON_NAME = AppIcon;
				ASSETCATALOG_COMPILER_GLOBAL_ACCENT_COLOR_NAME = AccentColor;
				CLANG_ENABLE_OBJC_WEAK = YES;
				CODE_SIGN_ENTITLEMENTS = Sources/HydraApp/HydraApp.entitlements;
				CODE_SIGN_IDENTITY = "-";
				CODE_SIGN_STYLE = Manual;
				COMBINE_HIDPI_IMAGES = YES;
				CURRENT_PROJECT_VERSION = 0.20.0;
				ENABLE_HARDENED_RUNTIME = YES;
				ENABLE_MODULE_VERIFIER = NO;
				ENABLE_USER_SCRIPT_SANDBOXING = NO;
				FRAMEWORK_SEARCH_PATHS = (
					"$(inherited)",
					"$(SRCROOT)/ThirdParty/Sparkle",
				);
				GENERATE_INFOPLIST_FILE = NO;
				INFOPLIST_FILE = Sources/HydraApp/Info.plist;
				LD_RUNPATH_SEARCH_PATHS = (
					"$(inherited)",
					"@executable_path/../Frameworks",
					"@loader_path/../Frameworks",
				);
				MACOSX_DEPLOYMENT_TARGET = 26.0;
				MARKETING_VERSION = 0.20.0;
				ONLY_ACTIVE_ARCH = YES;
				PRODUCT_BUNDLE_IDENTIFIER = audio.hydra.app;
				PRODUCT_NAME = Hydra;
				SDKROOT = macosx;
				SWIFT_APPROACHABLE_CONCURRENCY = YES;
				SWIFT_DEFAULT_ACTOR_ISOLATION = MainActor;
				SWIFT_EMIT_LOC_STRINGS = YES;
				SWIFT_OPTIMIZATION_LEVEL = "-Onone";
				SWIFT_STRICT_CONCURRENCY = complete;
				SWIFT_VERSION = 6.0;
			};
			name = Debug;
		};
		550FF425C836C0DD3E272CF0 /* Debug */ = {
			isa = XCBuildConfiguration;
			buildSettings = {
				ALWAYS_SEARCH_USER_PATHS = NO;
				ARCHS = "$(ARCHS_STANDARD)";
				CLANG_ENABLE_MODULES = YES;
				CLANG_ENABLE_OBJC_WEAK = YES;
				COMBINE_HIDPI_IMAGES = YES;
				CURRENT_PROJECT_VERSION = 0.20.0;
				DEFINES_MODULE = YES;
				DYLIB_COMPATIBILITY_VERSION = 1;
				DYLIB_CURRENT_VERSION = 1;
				DYLIB_INSTALL_NAME_BASE = "@rpath";
				ENABLE_MODULE_VERIFIER = NO;
				ENABLE_USER_SCRIPT_SANDBOXING = NO;
				GENERATE_INFOPLIST_FILE = YES;
				INSTALL_PATH = "$(LOCAL_LIBRARY_DIR)/Frameworks";
				LD_RUNPATH_SEARCH_PATHS = (
					"$(inherited)",
					"@executable_path/../Frameworks",
					"@loader_path/Frameworks",
				);
				MACOSX_DEPLOYMENT_TARGET = 26.0;
				MARKETING_VERSION = 0.20.0;
				MODULEMAP_FILE = Sources/HydraPluginHostABI/module.modulemap;
				ONLY_ACTIVE_ARCH = YES;
				PRODUCT_BUNDLE_IDENTIFIER = audio.hydra.pluginhostabi;
				PRODUCT_NAME = "$(TARGET_NAME:c99extidentifier)";
				SDKROOT = macosx;
				SKIP_INSTALL = YES;
				SWIFT_APPROACHABLE_CONCURRENCY = YES;
				SWIFT_OPTIMIZATION_LEVEL = "-Onone";
				SWIFT_STRICT_CONCURRENCY = complete;
				SWIFT_VERSION = 6.0;
				VERSIONING_SYSTEM = "apple-generic";
				VERSION_INFO_PREFIX = "";
			};
			name = Debug;
		};
		5DDD2D01AB2A8FD0BC2C0482 /* Release */ = {
			isa = XCBuildConfiguration;
			buildSettings = {
				ALWAYS_SEARCH_USER_PATHS = NO;
				ARCHS = (
					arm64,
					x86_64,
				);
				CLANG_ENABLE_MODULES = YES;
				CLANG_ENABLE_OBJC_WEAK = YES;
				COMBINE_HIDPI_IMAGES = YES;
				CURRENT_PROJECT_VERSION = 0.20.0;
				DEFINES_MODULE = YES;
				DYLIB_COMPATIBILITY_VERSION = 1;
				DYLIB_CURRENT_VERSION = 1;
				DYLIB_INSTALL_NAME_BASE = "@rpath";
				ENABLE_MODULE_VERIFIER = NO;
				ENABLE_USER_SCRIPT_SANDBOXING = NO;
				GENERATE_INFOPLIST_FILE = YES;
				INSTALL_PATH = "$(LOCAL_LIBRARY_DIR)/Frameworks";
				LD_RUNPATH_SEARCH_PATHS = (
					"$(inherited)",
					"@executable_path/../Frameworks",
					"@loader_path/Frameworks",
				);
				MACOSX_DEPLOYMENT_TARGET = 26.0;
				MARKETING_VERSION = 0.20.0;
				MODULEMAP_FILE = Sources/HydraPluginHostABI/module.modulemap;
				ONLY_ACTIVE_ARCH = NO;
				PRODUCT_BUNDLE_IDENTIFIER = audio.hydra.pluginhostabi;
				PRODUCT_NAME = "$(TARGET_NAME:c99extidentifier)";
				SDKROOT = macosx;
				SKIP_INSTALL = YES;
				SWIFT_APPROACHABLE_CONCURRENCY = YES;
				SWIFT_OPTIMIZATION_LEVEL = "-O";
				SWIFT_STRICT_CONCURRENCY = complete;
				SWIFT_VERSION = 6.0;
				VERSIONING_SYSTEM = "apple-generic";
				VERSION_INFO_PREFIX = "";
			};
			name = Release;
		};
		6244B000EDED142BA0E6F4CA /* Debug */ = {
			isa = XCBuildConfiguration;
			buildSettings = {
				ALWAYS_SEARCH_USER_PATHS = NO;
				ARCHS = (
					arm64,
					x86_64,
				);
				CODE_SIGN_IDENTITY = "-";
				CODE_SIGN_STYLE = Manual;
				COMBINE_HIDPI_IMAGES = YES;
				CURRENT_PROJECT_VERSION = 0.20.0;
				ENABLE_MODULE_VERIFIER = NO;
				GCC_WARN_TYPECHECK_CALLS_TO_PRINTF = NO;
				GENERATE_INFOPLIST_FILE = NO;
				INFOPLIST_FILE = Backplane/Driver/Hydra.plist;
				INSTALL_PATH = "/Library/Audio/Plug-Ins/HAL";
				MACH_O_TYPE = mh_bundle;
				MACOSX_DEPLOYMENT_TARGET = 11.0;
				MARKETING_VERSION = 0.20.0;
				ONLY_ACTIVE_ARCH = NO;
				PRODUCT_BUNDLE_IDENTIFIER = audio.hydra.virtualsoundcard;
				PRODUCT_NAME = HydraVirtualSoundcard;
				SDKROOT = macosx;
				SKIP_INSTALL = YES;
				WRAPPER_EXTENSION = driver;
			};
			name = Debug;
		};
		705A0107CDC86E37AC0808E0 /* Release */ = {
			isa = XCBuildConfiguration;
			buildSettings = {
				ALWAYS_SEARCH_USER_PATHS = NO;
				ARCHS = (
					arm64,
					x86_64,
				);
				CODE_SIGN_IDENTITY = "-";
				CODE_SIGN_STYLE = Manual;
				COMBINE_HIDPI_IMAGES = YES;
				CURRENT_PROJECT_VERSION = 0.20.0;
				ENABLE_MODULE_VERIFIER = NO;
				GCC_WARN_TYPECHECK_CALLS_TO_PRINTF = NO;
				GENERATE_INFOPLIST_FILE = NO;
				INFOPLIST_FILE = Backplane/Driver/Hydra.plist;
				INSTALL_PATH = "/Library/Audio/Plug-Ins/HAL";
				MACH_O_TYPE = mh_bundle;
				MACOSX_DEPLOYMENT_TARGET = 11.0;
				MARKETING_VERSION = 0.20.0;
				ONLY_ACTIVE_ARCH = NO;
				PRODUCT_BUNDLE_IDENTIFIER = audio.hydra.virtualsoundcard;
				PRODUCT_NAME = HydraVirtualSoundcard;
				SDKROOT = macosx;
				SKIP_INSTALL = YES;
				WRAPPER_EXTENSION = driver;
			};
			name = Release;
		};
		7124627670FDD67171586EA5 /* Release */ = {
			isa = XCBuildConfiguration;
			buildSettings = {
				ALWAYS_SEARCH_USER_PATHS = NO;
				ARCHS = (
					arm64,
					x86_64,
				);
				ASSETCATALOG_COMPILER_APPICON_NAME = AppIcon;
				ASSETCATALOG_COMPILER_GLOBAL_ACCENT_COLOR_NAME = AccentColor;
				CLANG_ENABLE_OBJC_WEAK = YES;
				CODE_SIGN_IDENTITY = "-";
				CODE_SIGN_STYLE = Manual;
				COMBINE_HIDPI_IMAGES = YES;
				CURRENT_PROJECT_VERSION = 0.20.0;
				ENABLE_HARDENED_RUNTIME = YES;
				ENABLE_MODULE_VERIFIER = NO;
				ENABLE_USER_SCRIPT_SANDBOXING = NO;
				GENERATE_INFOPLIST_FILE = YES;
				INFOPLIST_KEY_LSUIElement = YES;
				LD_RUNPATH_SEARCH_PATHS = (
					"$(inherited)",
					"@executable_path/../Frameworks",
					"@loader_path/../Frameworks",
				);
				MACOSX_DEPLOYMENT_TARGET = 26.0;
				MARKETING_VERSION = 0.20.0;
				ONLY_ACTIVE_ARCH = NO;
				PRODUCT_BUNDLE_IDENTIFIER = audio.hydra.pluginhost;
				PRODUCT_NAME = "hydra-plugin-host";
				SDKROOT = macosx;
				SWIFT_APPROACHABLE_CONCURRENCY = YES;
				SWIFT_OPTIMIZATION_LEVEL = "-O";
				SWIFT_STRICT_CONCURRENCY = complete;
				SWIFT_VERSION = 6.0;
			};
			name = Release;
		};
		7554DA48AA3108E6A1216495 /* Release */ = {
			isa = XCBuildConfiguration;
			buildSettings = {
				ALWAYS_SEARCH_USER_PATHS = NO;
				ARCHS = (
					arm64,
					x86_64,
				);
				CLANG_ENABLE_OBJC_WEAK = YES;
				COMBINE_HIDPI_IMAGES = YES;
				CURRENT_PROJECT_VERSION = 0.20.0;
				DEFINES_MODULE = YES;
				DYLIB_COMPATIBILITY_VERSION = 1;
				DYLIB_CURRENT_VERSION = 1;
				DYLIB_INSTALL_NAME_BASE = "@rpath";
				ENABLE_MODULE_VERIFIER = NO;
				ENABLE_USER_SCRIPT_SANDBOXING = NO;
				GENERATE_INFOPLIST_FILE = YES;
				INSTALL_PATH = "$(LOCAL_LIBRARY_DIR)/Frameworks";
				LD_RUNPATH_SEARCH_PATHS = (
					"$(inherited)",
					"@executable_path/../Frameworks",
					"@loader_path/Frameworks",
				);
				MACOSX_DEPLOYMENT_TARGET = 26.0;
				MARKETING_VERSION = 0.20.0;
				ONLY_ACTIVE_ARCH = NO;
				PRODUCT_BUNDLE_IDENTIFIER = audio.hydra.core;
				PRODUCT_NAME = "$(TARGET_NAME:c99extidentifier)";
				SDKROOT = macosx;
				SKIP_INSTALL = YES;
				SWIFT_APPROACHABLE_CONCURRENCY = YES;
				SWIFT_OPTIMIZATION_LEVEL = "-O";
				SWIFT_STRICT_CONCURRENCY = complete;
				SWIFT_VERSION = 6.0;
				VERSIONING_SYSTEM = "apple-generic";
				VERSION_INFO_PREFIX = "";
			};
			name = Release;
		};
		8D2F90CEB1F17CD96D715430 /* Release */ = {
			isa = XCBuildConfiguration;
			buildSettings = {
				ASSETCATALOG_COMPILER_APPICON_NAME = AppIcon;
				ASSETCATALOG_COMPILER_GLOBAL_ACCENT_COLOR_NAME = AccentColor;
				COMBINE_HIDPI_IMAGES = YES;
				ENABLE_MODULE_VERIFIER = NO;
				LD_RUNPATH_SEARCH_PATHS = (
					"$(inherited)",
					"@executable_path/../Frameworks",
				);
				MACOSX_DEPLOYMENT_TARGET = 26.0;
				SDKROOT = macosx;
			};
			name = Release;
		};
		97DDB064506F09A7010A8828 /* Debug */ = {
			isa = XCBuildConfiguration;
			buildSettings = {
				ALWAYS_SEARCH_USER_PATHS = NO;
				ARCHS = "$(ARCHS_STANDARD)";
				ASSETCATALOG_COMPILER_APPICON_NAME = AppIcon;
				ASSETCATALOG_COMPILER_GLOBAL_ACCENT_COLOR_NAME = AccentColor;
				CLANG_ENABLE_OBJC_WEAK = YES;
				CODE_SIGN_IDENTITY = "-";
				CODE_SIGN_STYLE = Manual;
				COMBINE_HIDPI_IMAGES = YES;
				CURRENT_PROJECT_VERSION = 0.20.0;
				ENABLE_HARDENED_RUNTIME = YES;
				ENABLE_MODULE_VERIFIER = NO;
				ENABLE_USER_SCRIPT_SANDBOXING = NO;
				GENERATE_INFOPLIST_FILE = YES;
				INFOPLIST_KEY_LSUIElement = YES;
				LD_RUNPATH_SEARCH_PATHS = (
					"$(inherited)",
					"@executable_path/../Frameworks",
					"@loader_path/../Frameworks",
				);
				MACOSX_DEPLOYMENT_TARGET = 26.0;
				MARKETING_VERSION = 0.20.0;
				ONLY_ACTIVE_ARCH = YES;
				PRODUCT_BUNDLE_IDENTIFIER = audio.hydra.pluginhost;
				PRODUCT_NAME = "hydra-plugin-host";
				SDKROOT = macosx;
				SWIFT_APPROACHABLE_CONCURRENCY = YES;
				SWIFT_OPTIMIZATION_LEVEL = "-Onone";
				SWIFT_STRICT_CONCURRENCY = complete;
				SWIFT_VERSION = 6.0;
			};
			name = Debug;
		};
		A35178D627CB70E77DEB70A8 /* Debug */ = {
			isa = XCBuildConfiguration;
			buildSettings = {
				ASSETCATALOG_COMPILER_APPICON_NAME = AppIcon;
				ASSETCATALOG_COMPILER_GLOBAL_ACCENT_COLOR_NAME = AccentColor;
				COMBINE_HIDPI_IMAGES = YES;
				ENABLE_MODULE_VERIFIER = NO;
				LD_RUNPATH_SEARCH_PATHS = (
					"$(inherited)",
					"@executable_path/../Frameworks",
				);
				MACOSX_DEPLOYMENT_TARGET = 26.0;
				SDKROOT = macosx;
			};
			name = Debug;
		};
		B77A2BE8CC78628C6CC1D184 /* Release */ = {
			isa = XCBuildConfiguration;
			buildSettings = {
				ALWAYS_SEARCH_USER_PATHS = NO;
				CLANG_ANALYZER_NONNULL = YES;
				CLANG_ANALYZER_NUMBER_OBJECT_CONVERSION = YES_AGGRESSIVE;
				CLANG_CXX_LANGUAGE_STANDARD = "gnu++14";
				CLANG_CXX_LIBRARY = "libc++";
				CLANG_ENABLE_MODULES = YES;
				CLANG_ENABLE_OBJC_ARC = YES;
				CLANG_ENABLE_OBJC_WEAK = YES;
				CLANG_WARN_BLOCK_CAPTURE_AUTORELEASING = YES;
				CLANG_WARN_BOOL_CONVERSION = YES;
				CLANG_WARN_COMMA = YES;
				CLANG_WARN_CONSTANT_CONVERSION = YES;
				CLANG_WARN_DEPRECATED_OBJC_IMPLEMENTATIONS = YES;
				CLANG_WARN_DIRECT_OBJC_ISA_USAGE = YES_ERROR;
				CLANG_WARN_DOCUMENTATION_COMMENTS = YES;
				CLANG_WARN_EMPTY_BODY = YES;
				CLANG_WARN_ENUM_CONVERSION = YES;
				CLANG_WARN_INFINITE_RECURSION = YES;
				CLANG_WARN_INT_CONVERSION = YES;
				CLANG_WARN_NON_LITERAL_NULL_CONVERSION = YES;
				CLANG_WARN_OBJC_IMPLICIT_RETAIN_SELF = YES;
				CLANG_WARN_OBJC_LITERAL_CONVERSION = YES;
				CLANG_WARN_OBJC_ROOT_CLASS = YES_ERROR;
				CLANG_WARN_QUOTED_INCLUDE_IN_FRAMEWORK_HEADER = YES;
				CLANG_WARN_RANGE_LOOP_ANALYSIS = YES;
				CLANG_WARN_STRICT_PROTOTYPES = YES;
				CLANG_WARN_SUSPICIOUS_MOVE = YES;
				CLANG_WARN_UNGUARDED_AVAILABILITY = YES_AGGRESSIVE;
				CLANG_WARN_UNREACHABLE_CODE = YES;
				CLANG_WARN__DUPLICATE_METHOD_MATCH = YES;
				COPY_PHASE_STRIP = NO;
				DEBUG_INFORMATION_FORMAT = "dwarf-with-dsym";
				ENABLE_MODULE_VERIFIER = NO;
				ENABLE_NS_ASSERTIONS = NO;
				ENABLE_STRICT_OBJC_MSGSEND = YES;
				ENABLE_USER_SCRIPT_SANDBOXING = NO;
				GCC_C_LANGUAGE_STANDARD = gnu11;
				GCC_NO_COMMON_BLOCKS = YES;
				GCC_WARN_64_TO_32_BIT_CONVERSION = YES;
				GCC_WARN_ABOUT_RETURN_TYPE = YES_ERROR;
				GCC_WARN_UNDECLARED_SELECTOR = YES;
				GCC_WARN_UNINITIALIZED_AUTOS = YES_AGGRESSIVE;
				GCC_WARN_UNUSED_FUNCTION = YES;
				GCC_WARN_UNUSED_VARIABLE = YES;
				MTL_ENABLE_DEBUG_INFO = NO;
				MTL_FAST_MATH = YES;
				PRODUCT_NAME = "$(TARGET_NAME)";
				SWIFT_COMPILATION_MODE = wholemodule;
				SWIFT_OPTIMIZATION_LEVEL = "-O";
				SWIFT_VERSION = 5.0;
			};
			name = Release;
		};
		D2B10A32196C88C1B35B0F12 /* Release */ = {
			isa = XCBuildConfiguration;
			buildSettings = {
				ALWAYS_SEARCH_USER_PATHS = NO;
				ARCHS = (
					arm64,
					x86_64,
				);
				CLANG_CXX_LANGUAGE_STANDARD = "c++2b";
				CLANG_CXX_LIBRARY = "libc++";
				CLANG_ENABLE_MODULES = YES;
				CLANG_ENABLE_OBJC_WEAK = YES;
				CLANG_WARN_DOCUMENTATION_COMMENTS = NO;
				COMBINE_HIDPI_IMAGES = YES;
				CURRENT_PROJECT_VERSION = 0.20.0;
				DEFINES_MODULE = YES;
				DYLIB_COMPATIBILITY_VERSION = 1;
				DYLIB_CURRENT_VERSION = 1;
				DYLIB_INSTALL_NAME_BASE = "@rpath";
				ENABLE_MODULE_VERIFIER = NO;
				ENABLE_USER_SCRIPT_SANDBOXING = NO;
				GCC_PREPROCESSOR_DEFINITIONS = (
					"$(inherited)",
					"RELEASE=1",
				);
				GCC_WARN_ABOUT_DEPRECATED_FUNCTIONS = NO;
				GENERATE_INFOPLIST_FILE = YES;
				HEADER_SEARCH_PATHS = (
					"$(inherited)",
					"$(SRCROOT)/Sources/HydraVST",
					"$(SRCROOT)/ThirdParty/vst3sdk",
				);
				INSTALL_PATH = "$(LOCAL_LIBRARY_DIR)/Frameworks";
				LD_RUNPATH_SEARCH_PATHS = (
					"$(inherited)",
					"@executable_path/../Frameworks",
					"@loader_path/Frameworks",
				);
				MACOSX_DEPLOYMENT_TARGET = 26.0;
				MARKETING_VERSION = 0.20.0;
				MODULEMAP_FILE = Sources/HydraVST/module.modulemap;
				ONLY_ACTIVE_ARCH = NO;
				PRODUCT_BUNDLE_IDENTIFIER = audio.hydra.vst;
				PRODUCT_NAME = "$(TARGET_NAME:c99extidentifier)";
				SDKROOT = macosx;
				SKIP_INSTALL = YES;
				SWIFT_APPROACHABLE_CONCURRENCY = YES;
				SWIFT_OPTIMIZATION_LEVEL = "-O";
				SWIFT_STRICT_CONCURRENCY = complete;
				SWIFT_VERSION = 6.0;
				VERSIONING_SYSTEM = "apple-generic";
				VERSION_INFO_PREFIX = "";
			};
			name = Release;
		};
		D690E83FA692764C9878B7B2 /* Release */ = {
			isa = XCBuildConfiguration;
			buildSettings = {
				ALWAYS_SEARCH_USER_PATHS = NO;
				ARCHS = (
					arm64,
					x86_64,
				);
				ASSETCATALOG_COMPILER_APPICON_NAME = AppIcon;
				ASSETCATALOG_COMPILER_GLOBAL_ACCENT_COLOR_NAME = AccentColor;
				CLANG_ENABLE_OBJC_WEAK = YES;
				CODE_SIGN_ENTITLEMENTS = Sources/HydraApp/HydraApp.entitlements;
				CODE_SIGN_IDENTITY = "-";
				CODE_SIGN_STYLE = Manual;
				COMBINE_HIDPI_IMAGES = YES;
				CURRENT_PROJECT_VERSION = 0.20.0;
				ENABLE_HARDENED_RUNTIME = YES;
				ENABLE_MODULE_VERIFIER = NO;
				ENABLE_USER_SCRIPT_SANDBOXING = NO;
				FRAMEWORK_SEARCH_PATHS = (
					"$(inherited)",
					"$(SRCROOT)/ThirdParty/Sparkle",
				);
				GENERATE_INFOPLIST_FILE = NO;
				INFOPLIST_FILE = Sources/HydraApp/Info.plist;
				LD_RUNPATH_SEARCH_PATHS = (
					"$(inherited)",
					"@executable_path/../Frameworks",
					"@loader_path/../Frameworks",
				);
				MACOSX_DEPLOYMENT_TARGET = 26.0;
				MARKETING_VERSION = 0.20.0;
				ONLY_ACTIVE_ARCH = NO;
				PRODUCT_BUNDLE_IDENTIFIER = audio.hydra.app;
				PRODUCT_NAME = Hydra;
				SDKROOT = macosx;
				SWIFT_APPROACHABLE_CONCURRENCY = YES;
				SWIFT_DEFAULT_ACTOR_ISOLATION = MainActor;
				SWIFT_EMIT_LOC_STRINGS = YES;
				SWIFT_OPTIMIZATION_LEVEL = "-O";
				SWIFT_STRICT_CONCURRENCY = complete;
				SWIFT_VERSION = 6.0;
			};
			name = Release;
		};
		D7497B64A5877EEA4967780E /* Debug */ = {
			isa = XCBuildConfiguration;
			buildSettings = {
				ALWAYS_SEARCH_USER_PATHS = NO;
				ARCHS = "$(ARCHS_STANDARD)";
				CLANG_ENABLE_OBJC_WEAK = YES;
				COMBINE_HIDPI_IMAGES = YES;
				CURRENT_PROJECT_VERSION = 0.20.0;
				DEFINES_MODULE = YES;
				DYLIB_COMPATIBILITY_VERSION = 1;
				DYLIB_CURRENT_VERSION = 1;
				DYLIB_INSTALL_NAME_BASE = "@rpath";
				ENABLE_MODULE_VERIFIER = NO;
				ENABLE_USER_SCRIPT_SANDBOXING = NO;
				GENERATE_INFOPLIST_FILE = YES;
				INSTALL_PATH = "$(LOCAL_LIBRARY_DIR)/Frameworks";
				LD_RUNPATH_SEARCH_PATHS = (
					"$(inherited)",
					"@executable_path/../Frameworks",
					"@loader_path/Frameworks",
				);
				MACOSX_DEPLOYMENT_TARGET = 26.0;
				MARKETING_VERSION = 0.20.0;
				ONLY_ACTIVE_ARCH = YES;
				PRODUCT_BUNDLE_IDENTIFIER = audio.hydra.core;
				PRODUCT_NAME = "$(TARGET_NAME:c99extidentifier)";
				SDKROOT = macosx;
				SKIP_INSTALL = YES;
				SWIFT_APPROACHABLE_CONCURRENCY = YES;
				SWIFT_OPTIMIZATION_LEVEL = "-Onone";
				SWIFT_STRICT_CONCURRENCY = complete;
				SWIFT_VERSION = 6.0;
				VERSIONING_SYSTEM = "apple-generic";
				VERSION_INFO_PREFIX = "";
			};
			name = Debug;
		};
		E7C9AC66B60D043086951EE1 /* Release */ = {
			isa = XCBuildConfiguration;
			buildSettings = {
				ALWAYS_SEARCH_USER_PATHS = NO;
				ARCHS = (
					arm64,
					x86_64,
				);
				CLANG_ENABLE_OBJC_WEAK = YES;
				CODE_SIGN_IDENTITY = "-";
				CODE_SIGN_STYLE = Manual;
				CURRENT_PROJECT_VERSION = 0.20.0;
				ENABLE_MODULE_VERIFIER = NO;
				ENABLE_USER_SCRIPT_SANDBOXING = NO;
				GENERATE_INFOPLIST_FILE = YES;
				LD_RUNPATH_SEARCH_PATHS = (
					"$(inherited)",
					"@executable_path/../Frameworks",
					"@loader_path/../Frameworks",
				);
				MACOSX_DEPLOYMENT_TARGET = 26.0;
				MARKETING_VERSION = 0.20.0;
				ONLY_ACTIVE_ARCH = NO;
				PRODUCT_BUNDLE_IDENTIFIER = audio.hydra.core.tests;
				SDKROOT = macosx;
				SWIFT_APPROACHABLE_CONCURRENCY = YES;
				SWIFT_OPTIMIZATION_LEVEL = "-O";
				SWIFT_STRICT_CONCURRENCY = complete;
				SWIFT_VERSION = 6.0;
			};
			name = Release;
		};
		EDF605CE5D9013765974EA15 /* Debug */ = {
			isa = XCBuildConfiguration;
			buildSettings = {
				ALWAYS_SEARCH_USER_PATHS = NO;
				ARCHS = "$(ARCHS_STANDARD)";
				CLANG_ENABLE_OBJC_WEAK = YES;
				CODE_SIGN_IDENTITY = "-";
				CODE_SIGN_STYLE = Manual;
				CURRENT_PROJECT_VERSION = 0.20.0;
				ENABLE_MODULE_VERIFIER = NO;
				ENABLE_USER_SCRIPT_SANDBOXING = NO;
				GENERATE_INFOPLIST_FILE = YES;
				LD_RUNPATH_SEARCH_PATHS = (
					"$(inherited)",
					"@executable_path/../Frameworks",
					"@loader_path/../Frameworks",
				);
				MACOSX_DEPLOYMENT_TARGET = 26.0;
				MARKETING_VERSION = 0.20.0;
				ONLY_ACTIVE_ARCH = YES;
				PRODUCT_BUNDLE_IDENTIFIER = audio.hydra.core.tests;
				SDKROOT = macosx;
				SWIFT_APPROACHABLE_CONCURRENCY = YES;
				SWIFT_OPTIMIZATION_LEVEL = "-Onone";
				SWIFT_STRICT_CONCURRENCY = complete;
				SWIFT_VERSION = 6.0;
			};
			name = Debug;
		};
/* End XCBuildConfiguration section */

/* Begin XCConfigurationList section */
		00EB71F830C7B4036402CDC8 /* Build configuration list for PBXNativeTarget "hydra-plugin-host" */ = {
			isa = XCConfigurationList;
			buildConfigurations = (
				7124627670FDD67171586EA5 /* Release */,
				97DDB064506F09A7010A8828 /* Debug */,
			);
			defaultConfigurationIsVisible = 0;
			defaultConfigurationName = Release;
		};
		28D161C9CFF461BF8D15E8E7 /* Build configuration list for PBXNativeTarget "HydraCore" */ = {
			isa = XCConfigurationList;
			buildConfigurations = (
				7554DA48AA3108E6A1216495 /* Release */,
				D7497B64A5877EEA4967780E /* Debug */,
			);
			defaultConfigurationIsVisible = 0;
			defaultConfigurationName = Release;
		};
		2941AF144C2FE97641A1D66B /* Build configuration list for PBXNativeTarget "HydraCoreTests" */ = {
			isa = XCConfigurationList;
			buildConfigurations = (
				E7C9AC66B60D043086951EE1 /* Release */,
				EDF605CE5D9013765974EA15 /* Debug */,
			);
			defaultConfigurationIsVisible = 0;
			defaultConfigurationName = Release;
		};
		5A4AA6485472EEB38662217F /* Build configuration list for PBXNativeTarget "HydraApp" */ = {
			isa = XCConfigurationList;
			buildConfigurations = (
				D690E83FA692764C9878B7B2 /* Release */,
				507193252E366EF97453512D /* Debug */,
			);
			defaultConfigurationIsVisible = 0;
			defaultConfigurationName = Release;
		};
		7B62C6FB81B1BBE259D5785A /* Build configuration list for PBXNativeTarget "hydrad" */ = {
			isa = XCConfigurationList;
			buildConfigurations = (
				15E6694A77FD2B3A954112DE /* Release */,
				342CEAD0C339168A10CB0D44 /* Debug */,
			);
			defaultConfigurationIsVisible = 0;
			defaultConfigurationName = Release;
		};
		853991208CB6545E3BA95A46 /* Build configuration list for PBXNativeTarget "HydraModuleABI" */ = {
			isa = XCConfigurationList;
			buildConfigurations = (
				4789412226307250A3145D89 /* Release */,
				1B62D25E4DF5D5D0E334A046 /* Debug */,
			);
			defaultConfigurationIsVisible = 0;
			defaultConfigurationName = Release;
		};
		CC346D3B31B0F05C3655356E /* Build configuration list for PBXAggregateTarget "FetchVST3SDK" */ = {
			isa = XCConfigurationList;
			buildConfigurations = (
				8D2F90CEB1F17CD96D715430 /* Release */,
				A35178D627CB70E77DEB70A8 /* Debug */,
			);
			defaultConfigurationIsVisible = 0;
			defaultConfigurationName = Release;
		};
		D6825B14406158A84525ACD3 /* Build configuration list for PBXNativeTarget "HydraNDIShim" */ = {
			isa = XCConfigurationList;
			buildConfigurations = (
				33CDE8DFCD10DBC5C3CC3C22 /* Release */,
				11411D5866D15444ED390DF2 /* Debug */,
			);
			defaultConfigurationIsVisible = 0;
			defaultConfigurationName = Release;
		};
		D737D70ED3F382C79C5F4C6F /* Build configuration list for PBXProject "Hydra" */ = {
			isa = XCConfigurationList;
			buildConfigurations = (
				106C01CD843E8E33F509D264 /* Debug */,
				B77A2BE8CC78628C6CC1D184 /* Release */,
			);
			defaultConfigurationIsVisible = 0;
			defaultConfigurationName = Release;
		};
		F1AF05C222875EAC56F6E466 /* Build configuration list for PBXNativeTarget "HydraPluginHostABI" */ = {
			isa = XCConfigurationList;
			buildConfigurations = (
				5DDD2D01AB2A8FD0BC2C0482 /* Release */,
				550FF425C836C0DD3E272CF0 /* Debug */,
			);
			defaultConfigurationIsVisible = 0;
			defaultConfigurationName = Release;
		};
		F7423197DF1E81605E724857 /* Build configuration list for PBXNativeTarget "HydraVirtualSoundcard" */ = {
			isa = XCConfigurationList;
			buildConfigurations = (
				705A0107CDC86E37AC0808E0 /* Release */,
				6244B000EDED142BA0E6F4CA /* Debug */,
			);
			defaultConfigurationIsVisible = 0;
			defaultConfigurationName = Release;
		};
		FDB81FA9A8F2F14275D890AB /* Build configuration list for PBXNativeTarget "HydraVST" */ = {
			isa = XCConfigurationList;
			buildConfigurations = (
				D2B10A32196C88C1B35B0F12 /* Release */,
				0D36BA28CD8BDFBBBA133F3D /* Debug */,
			);
			defaultConfigurationIsVisible = 0;
			defaultConfigurationName = Release;
		};
/* End XCConfigurationList section */
	};
	rootObject = 50C00E8EE84CF6F46EABD453 /* Project object */;
}
